// !$*UTF8*$!
{
	archiveVersion = 1;
	classes = {
	};
	objectVersion = 46;
	objects = {

/* Begin PBXBuildFile section */
		6A337C521E1D361B00E120A3 /* user@2x.png in Resources */ = {isa = PBXBuildFile; fileRef = 6A337C4E1E1D361B00E120A3 /* user@2x.png */; };
		6A337C531E1D361B00E120A3 /* store@2x.png in Resources */ = {isa = PBXBuildFile; fileRef = 6A337C4F1E1D361B00E120A3 /* store@2x.png */; };
		6A337C541E1D361B00E120A3 /* find@2x.png in Resources */ = {isa = PBXBuildFile; fileRef = 6A337C501E1D361B00E120A3 /* find@2x.png */; };
		6A337C551E1D361B00E120A3 /* dong@2x.png in Resources */ = {isa = PBXBuildFile; fileRef = 6A337C511E1D361B00E120A3 /* dong@2x.png */; };
		6A337C571E1D36E800E120A3 /* tabbarBg@2x.png in Resources */ = {isa = PBXBuildFile; fileRef = 6A337C561E1D36E800E120A3 /* tabbarBg@2x.png */; };
		6A337C7C1E1D3B7200E120A3 /* NSData+ImageContentType.m in Sources */ = {isa = PBXBuildFile; fileRef = 6A337C5A1E1D3B7200E120A3 /* NSData+ImageContentType.m */; };
		6A337C7D1E1D3B7200E120A3 /* NSImage+WebCache.m in Sources */ = {isa = PBXBuildFile; fileRef = 6A337C5C1E1D3B7200E120A3 /* NSImage+WebCache.m */; };
		6A337C7E1E1D3B7200E120A3 /* SDImageCache.m in Sources */ = {isa = PBXBuildFile; fileRef = 6A337C5E1E1D3B7200E120A3 /* SDImageCache.m */; };
		6A337C7F1E1D3B7200E120A3 /* SDImageCacheConfig.m in Sources */ = {isa = PBXBuildFile; fileRef = 6A337C601E1D3B7200E120A3 /* SDImageCacheConfig.m */; };
		6A337C801E1D3B7200E120A3 /* SDWebImageCompat.m in Sources */ = {isa = PBXBuildFile; fileRef = 6A337C621E1D3B7200E120A3 /* SDWebImageCompat.m */; };
		6A337C811E1D3B7200E120A3 /* SDWebImageDecoder.m in Sources */ = {isa = PBXBuildFile; fileRef = 6A337C641E1D3B7200E120A3 /* SDWebImageDecoder.m */; };
		6A337C821E1D3B7200E120A3 /* SDWebImageDownloader.m in Sources */ = {isa = PBXBuildFile; fileRef = 6A337C661E1D3B7200E120A3 /* SDWebImageDownloader.m */; };
		6A337C831E1D3B7200E120A3 /* SDWebImageDownloaderOperation.m in Sources */ = {isa = PBXBuildFile; fileRef = 6A337C681E1D3B7200E120A3 /* SDWebImageDownloaderOperation.m */; };
		6A337C841E1D3B7200E120A3 /* SDWebImageManager.m in Sources */ = {isa = PBXBuildFile; fileRef = 6A337C6A1E1D3B7200E120A3 /* SDWebImageManager.m */; };
		6A337C851E1D3B7200E120A3 /* SDWebImagePrefetcher.m in Sources */ = {isa = PBXBuildFile; fileRef = 6A337C6D1E1D3B7200E120A3 /* SDWebImagePrefetcher.m */; };
		6A337C861E1D3B7200E120A3 /* UIButton+WebCache.m in Sources */ = {isa = PBXBuildFile; fileRef = 6A337C6F1E1D3B7200E120A3 /* UIButton+WebCache.m */; };
		6A337C871E1D3B7200E120A3 /* UIImage+GIF.m in Sources */ = {isa = PBXBuildFile; fileRef = 6A337C711E1D3B7200E120A3 /* UIImage+GIF.m */; };
		6A337C881E1D3B7200E120A3 /* UIImage+MultiFormat.m in Sources */ = {isa = PBXBuildFile; fileRef = 6A337C731E1D3B7200E120A3 /* UIImage+MultiFormat.m */; };
		6A337C891E1D3B7200E120A3 /* UIImageView+HighlightedWebCache.m in Sources */ = {isa = PBXBuildFile; fileRef = 6A337C751E1D3B7200E120A3 /* UIImageView+HighlightedWebCache.m */; };
		6A337C8A1E1D3B7200E120A3 /* UIImageView+WebCache.m in Sources */ = {isa = PBXBuildFile; fileRef = 6A337C771E1D3B7200E120A3 /* UIImageView+WebCache.m */; };
		6A337C8B1E1D3B7200E120A3 /* UIView+WebCache.m in Sources */ = {isa = PBXBuildFile; fileRef = 6A337C791E1D3B7200E120A3 /* UIView+WebCache.m */; };
		6A337C8C1E1D3B7200E120A3 /* UIView+WebCacheOperation.m in Sources */ = {isa = PBXBuildFile; fileRef = 6A337C7B1E1D3B7200E120A3 /* UIView+WebCacheOperation.m */; };
		6A337C9D1E1D3CAC00E120A3 /* AFHTTPSessionManager.m in Sources */ = {isa = PBXBuildFile; fileRef = 6A337C911E1D3CAC00E120A3 /* AFHTTPSessionManager.m */; };
		6A337C9E1E1D3CAC00E120A3 /* AFNetworkReachabilityManager.m in Sources */ = {isa = PBXBuildFile; fileRef = 6A337C941E1D3CAC00E120A3 /* AFNetworkReachabilityManager.m */; };
		6A337C9F1E1D3CAC00E120A3 /* AFSecurityPolicy.m in Sources */ = {isa = PBXBuildFile; fileRef = 6A337C961E1D3CAC00E120A3 /* AFSecurityPolicy.m */; };
		6A337CA01E1D3CAC00E120A3 /* AFURLRequestSerialization.m in Sources */ = {isa = PBXBuildFile; fileRef = 6A337C981E1D3CAC00E120A3 /* AFURLRequestSerialization.m */; };
		6A337CA11E1D3CAC00E120A3 /* AFURLResponseSerialization.m in Sources */ = {isa = PBXBuildFile; fileRef = 6A337C9A1E1D3CAC00E120A3 /* AFURLResponseSerialization.m */; };
		6A337CA21E1D3CAC00E120A3 /* AFURLSessionManager.m in Sources */ = {isa = PBXBuildFile; fileRef = 6A337C9C1E1D3CAC00E120A3 /* AFURLSessionManager.m */; };
		6A337CA61E1D3D8700E120A3 /* BaseModel.m in Sources */ = {isa = PBXBuildFile; fileRef = 6A337CA51E1D3D8700E120A3 /* BaseModel.m */; };
		6A337CA91E1D3DD500E120A3 /* User.m in Sources */ = {isa = PBXBuildFile; fileRef = 6A337CA81E1D3DD500E120A3 /* User.m */; };
		6A337CAC1E1D3DEB00E120A3 /* Store.m in Sources */ = {isa = PBXBuildFile; fileRef = 6A337CAB1E1D3DEB00E120A3 /* Store.m */; };
		6A337CAF1E1D3E0E00E120A3 /* Device.m in Sources */ = {isa = PBXBuildFile; fileRef = 6A337CAE1E1D3E0E00E120A3 /* Device.m */; };
		6A337CCE1E1D40F800E120A3 /* MainViewController.m in Sources */ = {isa = PBXBuildFile; fileRef = 6A337CCD1E1D40F800E120A3 /* MainViewController.m */; };
		6A337CD11E1D411F00E120A3 /* LoginViewController.m in Sources */ = {isa = PBXBuildFile; fileRef = 6A337CD01E1D411F00E120A3 /* LoginViewController.m */; };
		6A337CD71E1D446800E120A3 /* BaseViewController.m in Sources */ = {isa = PBXBuildFile; fileRef = 6A337CD61E1D446800E120A3 /* BaseViewController.m */; };
		6A337CDF1E1D5D8F00E120A3 /* MeViewController.m in Sources */ = {isa = PBXBuildFile; fileRef = 6A337CDE1E1D5D8F00E120A3 /* MeViewController.m */; };
		6A337CFD1E1D69CC00E120A3 /* 4a@2x.png in Resources */ = {isa = PBXBuildFile; fileRef = 6A337CF61E1D69CC00E120A3 /* 4a@2x.png */; };
		6A337CFE1E1D69CC00E120A3 /* me_1@2x.png in Resources */ = {isa = PBXBuildFile; fileRef = 6A337CF71E1D69CC00E120A3 /* me_1@2x.png */; };
		6A337CFF1E1D69CC00E120A3 /* me_2@2x.png in Resources */ = {isa = PBXBuildFile; fileRef = 6A337CF81E1D69CC00E120A3 /* me_2@2x.png */; };
		6A337D001E1D69CC00E120A3 /* me_3@2x.png in Resources */ = {isa = PBXBuildFile; fileRef = 6A337CF91E1D69CC00E120A3 /* me_3@2x.png */; };
		6A337D011E1D69CC00E120A3 /* me_4@2x.png in Resources */ = {isa = PBXBuildFile; fileRef = 6A337CFA1E1D69CC00E120A3 /* me_4@2x.png */; };
		6A337D021E1D69CC00E120A3 /* me_5@2x.png in Resources */ = {isa = PBXBuildFile; fileRef = 6A337CFB1E1D69CC00E120A3 /* me_5@2x.png */; };
		6A337D031E1D69CC00E120A3 /* me_6@2x.png in Resources */ = {isa = PBXBuildFile; fileRef = 6A337CFC1E1D69CC00E120A3 /* me_6@2x.png */; };
		6A4444081E1FBF9E00B63013 /* UIViewExt.m in Sources */ = {isa = PBXBuildFile; fileRef = 6A4444071E1FBF9E00B63013 /* UIViewExt.m */; };
		6A4444261E20922500B63013 /* bg.jpeg in Resources */ = {isa = PBXBuildFile; fileRef = 6A44441F1E20922500B63013 /* bg.jpeg */; };
		6A4444271E20922500B63013 /* icon_hand.png in Resources */ = {isa = PBXBuildFile; fileRef = 6A4444201E20922500B63013 /* icon_hand.png */; };
		6A4444281E20922500B63013 /* iconfont-password.png in Resources */ = {isa = PBXBuildFile; fileRef = 6A4444211E20922500B63013 /* iconfont-password.png */; };
		6A4444291E20922500B63013 /* iconfont-user.png in Resources */ = {isa = PBXBuildFile; fileRef = 6A4444221E20922500B63013 /* iconfont-user.png */; };
		6A44442A1E20922500B63013 /* owl-login-arm-left@2x.png in Resources */ = {isa = PBXBuildFile; fileRef = 6A4444231E20922500B63013 /* owl-login-arm-left@2x.png */; };
		6A44442B1E20922500B63013 /* owl-login-arm-right@2x.png in Resources */ = {isa = PBXBuildFile; fileRef = 6A4444241E20922500B63013 /* owl-login-arm-right@2x.png */; };
		6A44442C1E20922500B63013 /* owl-login@2x.png in Resources */ = {isa = PBXBuildFile; fileRef = 6A4444251E20922500B63013 /* owl-login@2x.png */; };
		6A4444301E20929E00B63013 /* LoginView.m in Sources */ = {isa = PBXBuildFile; fileRef = 6A44442F1E20929E00B63013 /* LoginView.m */; };
		6A4444331E209F1700B63013 /* RootViewController.m in Sources */ = {isa = PBXBuildFile; fileRef = 6A4444321E209F1700B63013 /* RootViewController.m */; };
		6A4444541E20AC3100B63013 /* SVIndefiniteAnimatedView.m in Sources */ = {isa = PBXBuildFile; fileRef = 6A44444B1E20AC3100B63013 /* SVIndefiniteAnimatedView.m */; };
		6A4444551E20AC3100B63013 /* SVProgressAnimatedView.m in Sources */ = {isa = PBXBuildFile; fileRef = 6A44444D1E20AC3100B63013 /* SVProgressAnimatedView.m */; };
		6A4444561E20AC3100B63013 /* SVProgressHUD.bundle in Resources */ = {isa = PBXBuildFile; fileRef = 6A44444F1E20AC3100B63013 /* SVProgressHUD.bundle */; };
		6A4444571E20AC3100B63013 /* SVProgressHUD.m in Sources */ = {isa = PBXBuildFile; fileRef = 6A4444511E20AC3100B63013 /* SVProgressHUD.m */; };
		6A4444581E20AC3100B63013 /* SVRadialGradientLayer.m in Sources */ = {isa = PBXBuildFile; fileRef = 6A4444531E20AC3100B63013 /* SVRadialGradientLayer.m */; };
		6A44445C1E20BBEB00B63013 /* HomeActionView.m in Sources */ = {isa = PBXBuildFile; fileRef = 6A44445B1E20BBEB00B63013 /* HomeActionView.m */; };
		6A5677FA1E1D6CA70026739E /* HomeViewController.m in Sources */ = {isa = PBXBuildFile; fileRef = 6A5677F91E1D6CA70026739E /* HomeViewController.m */; };
		6A5677FD1E1D6CDA0026739E /* StoreViewController.m in Sources */ = {isa = PBXBuildFile; fileRef = 6A5677FC1E1D6CDA0026739E /* StoreViewController.m */; };
		6A5678001E1D6CF30026739E /* ModuleViewController.m in Sources */ = {isa = PBXBuildFile; fileRef = 6A5677FF1E1D6CF30026739E /* ModuleViewController.m */; };
		6A5678171E1D715A0026739E /* ModuleConfig.plist in Resources */ = {isa = PBXBuildFile; fileRef = 6A5678161E1D715A0026739E /* ModuleConfig.plist */; };
		6A7B98601F1DD926000FD224 /* SVPlayerView.m in Sources */ = {isa = PBXBuildFile; fileRef = 6A7B985F1F1DD926000FD224 /* SVPlayerView.m */; };
		6A7B987E1F1DE13D000FD224 /* libiconv.tbd in Frameworks */ = {isa = PBXBuildFile; fileRef = 6A7B987D1F1DE13D000FD224 /* libiconv.tbd */; };
		6A7B98801F1DE14A000FD224 /* libc++.tbd in Frameworks */ = {isa = PBXBuildFile; fileRef = 6A7B987F1F1DE14A000FD224 /* libc++.tbd */; };
		6A7B98821F1DE15E000FD224 /* libbz2.tbd in Frameworks */ = {isa = PBXBuildFile; fileRef = 6A7B98811F1DE15E000FD224 /* libbz2.tbd */; };
		6A7B98841F1DE1AE000FD224 /* OpenGLES.framework in Frameworks */ = {isa = PBXBuildFile; fileRef = 6A7B98831F1DE1AE000FD224 /* OpenGLES.framework */; };
		6AAA61B11E1CBDAF00ADEBFF /* main.m in Sources */ = {isa = PBXBuildFile; fileRef = 6AAA61B01E1CBDAF00ADEBFF /* main.m */; };
		6AAA61B41E1CBDAF00ADEBFF /* AppDelegate.m in Sources */ = {isa = PBXBuildFile; fileRef = 6AAA61B31E1CBDAF00ADEBFF /* AppDelegate.m */; };
		6AAA61BF1E1CBDAF00ADEBFF /* Assets.xcassets in Resources */ = {isa = PBXBuildFile; fileRef = 6AAA61BE1E1CBDAF00ADEBFF /* Assets.xcassets */; };
		6AAA61C21E1CBDAF00ADEBFF /* LaunchScreen.storyboard in Resources */ = {isa = PBXBuildFile; fileRef = 6AAA61C01E1CBDAF00ADEBFF /* LaunchScreen.storyboard */; };
		6AAA61F81E1CC46500ADEBFF /* MJRefreshAutoFooter.m in Sources */ = {isa = PBXBuildFile; fileRef = 6AAA61CE1E1CC46500ADEBFF /* MJRefreshAutoFooter.m */; };
		6AAA61F91E1CC46500ADEBFF /* MJRefreshBackFooter.m in Sources */ = {isa = PBXBuildFile; fileRef = 6AAA61D01E1CC46500ADEBFF /* MJRefreshBackFooter.m */; };
		6AAA61FA1E1CC46500ADEBFF /* MJRefreshComponent.m in Sources */ = {isa = PBXBuildFile; fileRef = 6AAA61D21E1CC46500ADEBFF /* MJRefreshComponent.m */; };
		6AAA61FB1E1CC46500ADEBFF /* MJRefreshFooter.m in Sources */ = {isa = PBXBuildFile; fileRef = 6AAA61D41E1CC46500ADEBFF /* MJRefreshFooter.m */; };
		6AAA61FC1E1CC46500ADEBFF /* MJRefreshHeader.m in Sources */ = {isa = PBXBuildFile; fileRef = 6AAA61D61E1CC46500ADEBFF /* MJRefreshHeader.m */; };
		6AAA61FD1E1CC46500ADEBFF /* MJRefreshAutoGifFooter.m in Sources */ = {isa = PBXBuildFile; fileRef = 6AAA61DB1E1CC46500ADEBFF /* MJRefreshAutoGifFooter.m */; };
		6AAA61FE1E1CC46500ADEBFF /* MJRefreshAutoNormalFooter.m in Sources */ = {isa = PBXBuildFile; fileRef = 6AAA61DD1E1CC46500ADEBFF /* MJRefreshAutoNormalFooter.m */; };
		6AAA61FF1E1CC46500ADEBFF /* MJRefreshAutoStateFooter.m in Sources */ = {isa = PBXBuildFile; fileRef = 6AAA61DF1E1CC46500ADEBFF /* MJRefreshAutoStateFooter.m */; };
		6AAA62001E1CC46500ADEBFF /* MJRefreshBackGifFooter.m in Sources */ = {isa = PBXBuildFile; fileRef = 6AAA61E21E1CC46500ADEBFF /* MJRefreshBackGifFooter.m */; };
		6AAA62011E1CC46500ADEBFF /* MJRefreshBackNormalFooter.m in Sources */ = {isa = PBXBuildFile; fileRef = 6AAA61E41E1CC46500ADEBFF /* MJRefreshBackNormalFooter.m */; };
		6AAA62021E1CC46500ADEBFF /* MJRefreshBackStateFooter.m in Sources */ = {isa = PBXBuildFile; fileRef = 6AAA61E61E1CC46500ADEBFF /* MJRefreshBackStateFooter.m */; };
		6AAA62031E1CC46500ADEBFF /* MJRefreshGifHeader.m in Sources */ = {isa = PBXBuildFile; fileRef = 6AAA61E91E1CC46500ADEBFF /* MJRefreshGifHeader.m */; };
		6AAA62041E1CC46500ADEBFF /* MJRefreshNormalHeader.m in Sources */ = {isa = PBXBuildFile; fileRef = 6AAA61EB1E1CC46500ADEBFF /* MJRefreshNormalHeader.m */; };
		6AAA62051E1CC46500ADEBFF /* MJRefreshStateHeader.m in Sources */ = {isa = PBXBuildFile; fileRef = 6AAA61ED1E1CC46500ADEBFF /* MJRefreshStateHeader.m */; };
		6AAA62061E1CC46500ADEBFF /* MJRefresh.bundle in Resources */ = {isa = PBXBuildFile; fileRef = 6AAA61EE1E1CC46500ADEBFF /* MJRefresh.bundle */; };
		6AAA62071E1CC46500ADEBFF /* MJRefreshConst.m in Sources */ = {isa = PBXBuildFile; fileRef = 6AAA61F11E1CC46500ADEBFF /* MJRefreshConst.m */; };
		6AAA62081E1CC46500ADEBFF /* UIScrollView+MJExtension.m in Sources */ = {isa = PBXBuildFile; fileRef = 6AAA61F31E1CC46500ADEBFF /* UIScrollView+MJExtension.m */; };
		6AAA62091E1CC46500ADEBFF /* UIScrollView+MJRefresh.m in Sources */ = {isa = PBXBuildFile; fileRef = 6AAA61F51E1CC46500ADEBFF /* UIScrollView+MJRefresh.m */; };
		6AAA620A1E1CC46500ADEBFF /* UIView+MJExtension.m in Sources */ = {isa = PBXBuildFile; fileRef = 6AAA61F71E1CC46500ADEBFF /* UIView+MJExtension.m */; };
		6AAA620E1E1CC49000ADEBFF /* MBProgressHUD.m in Sources */ = {isa = PBXBuildFile; fileRef = 6AAA620D1E1CC49000ADEBFF /* MBProgressHUD.m */; };
		6AAA621E1E1CC54800ADEBFF /* NSArray+FirstLetterArray.m in Sources */ = {isa = PBXBuildFile; fileRef = 6AAA62191E1CC54800ADEBFF /* NSArray+FirstLetterArray.m */; };
		6AAA621F1E1CC54800ADEBFF /* NSString+FirstLetter.m in Sources */ = {isa = PBXBuildFile; fileRef = 6AAA621B1E1CC54800ADEBFF /* NSString+FirstLetter.m */; };
		6AAA62201E1CC54800ADEBFF /* pinyin.m in Sources */ = {isa = PBXBuildFile; fileRef = 6AAA621D1E1CC54800ADEBFF /* pinyin.m */; };
		6AAA62391E1CCE7B00ADEBFF /* Main.storyboard in Resources */ = {isa = PBXBuildFile; fileRef = 6AAA62381E1CCE7B00ADEBFF /* Main.storyboard */; };
		6AAA623B1E1CCECA00ADEBFF /* LaunchActive.storyboard in Resources */ = {isa = PBXBuildFile; fileRef = 6AAA623A1E1CCECA00ADEBFF /* LaunchActive.storyboard */; };
		6AAA623F1E1CD2F300ADEBFF /* Player.storyboard in Resources */ = {isa = PBXBuildFile; fileRef = 6AAA623E1E1CD2F300ADEBFF /* Player.storyboard */; };
		6AAA62411E1CD6BD00ADEBFF /* Login.storyboard in Resources */ = {isa = PBXBuildFile; fileRef = 6AAA62401E1CD6BD00ADEBFF /* Login.storyboard */; };
		6AAA62431E1CD7E400ADEBFF /* AppIcon.png in Resources */ = {isa = PBXBuildFile; fileRef = 6AAA62421E1CD7E400ADEBFF /* AppIcon.png */; };
		6AB37CEC1E1F378000ABF883 /* UIScrollView+Extension.m in Sources */ = {isa = PBXBuildFile; fileRef = 6AB37CEB1E1F378000ABF883 /* UIScrollView+Extension.m */; };
		6AB37CEE1E1F38FC00ABF883 /* AVKit.framework in Frameworks */ = {isa = PBXBuildFile; fileRef = 6AB37CED1E1F38FC00ABF883 /* AVKit.framework */; };
		6AD37CEC1E1DED9A0012B37A /* libz.tbd in Frameworks */ = {isa = PBXBuildFile; fileRef = 6AD37CEB1E1DED9A0012B37A /* libz.tbd */; };
		6AD37CEE1E1DEDAB0012B37A /* VideoToolbox.framework in Frameworks */ = {isa = PBXBuildFile; fileRef = 6AD37CED1E1DEDAB0012B37A /* VideoToolbox.framework */; };
		6AD37CF01E1DEDBC0012B37A /* CoreMedia.framework in Frameworks */ = {isa = PBXBuildFile; fileRef = 6AD37CEF1E1DEDBC0012B37A /* CoreMedia.framework */; };
		6AD37CF21E1DEDC40012B37A /* AudioToolbox.framework in Frameworks */ = {isa = PBXBuildFile; fileRef = 6AD37CF11E1DEDC40012B37A /* AudioToolbox.framework */; };
		6AD37CF41E1DEDD00012B37A /* AVFoundation.framework in Frameworks */ = {isa = PBXBuildFile; fileRef = 6AD37CF31E1DEDD00012B37A /* AVFoundation.framework */; };
		6AE060661F1DAA15003829F5 /* ZFDefaultHandle.m in Sources */ = {isa = PBXBuildFile; fileRef = 6AE060651F1DAA15003829F5 /* ZFDefaultHandle.m */; };
		6AF234E61F1F139E001F1379 /* SVPlayerViewController.m in Sources */ = {isa = PBXBuildFile; fileRef = 6AF234E51F1F139E001F1379 /* SVPlayerViewController.m */; };
		6AF235071F1F18F7001F1379 /* player_voice@2x.png in Resources */ = {isa = PBXBuildFile; fileRef = 6AF235011F1F18F7001F1379 /* player_voice@2x.png */; };
		6AF235081F1F18F7001F1379 /* player_mute@2x.png in Resources */ = {isa = PBXBuildFile; fileRef = 6AF235021F1F18F7001F1379 /* player_mute@2x.png */; };
		6AF235091F1F18F7001F1379 /* player_full@2x.png in Resources */ = {isa = PBXBuildFile; fileRef = 6AF235031F1F18F7001F1379 /* player_full@2x.png */; };
		6AF2350A1F1F18F7001F1379 /* player_normal@2x.png in Resources */ = {isa = PBXBuildFile; fileRef = 6AF235041F1F18F7001F1379 /* player_normal@2x.png */; };
		6AF2350B1F1F18F7001F1379 /* player_stop@2x.png in Resources */ = {isa = PBXBuildFile; fileRef = 6AF235051F1F18F7001F1379 /* player_stop@2x.png */; };
		6AF2350C1F1F18F7001F1379 /* player_playing@2x.png in Resources */ = {isa = PBXBuildFile; fileRef = 6AF235061F1F18F7001F1379 /* player_playing@2x.png */; };
		6AF235271F1F1A20001F1379 /* player_tool_cam@2x.png in Resources */ = {isa = PBXBuildFile; fileRef = 6AF235261F1F1A20001F1379 /* player_tool_cam@2x.png */; };
		ECCF049E76277E77C433A4BF /* Pods_qingsongshi.framework in Frameworks */ = {isa = PBXBuildFile; fileRef = 9CACC3C3F11BF97F7D07B89B /* Pods_qingsongshi.framework */; };
/* End PBXBuildFile section */

/* Begin PBXFileReference section */
		31D035B8190E3A25B2957C9F /* Pods-qingsongshi.release.xcconfig */ = {isa = PBXFileReference; includeInIndex = 1; lastKnownFileType = text.xcconfig; name = "Pods-qingsongshi.release.xcconfig"; path = "Pods/Target Support Files/Pods-qingsongshi/Pods-qingsongshi.release.xcconfig"; sourceTree = "<group>"; };
		39E16FE1CA8CF1EF8EC2F057 /* Pods-qingsongshi.debug.xcconfig */ = {isa = PBXFileReference; includeInIndex = 1; lastKnownFileType = text.xcconfig; name = "Pods-qingsongshi.debug.xcconfig"; path = "Pods/Target Support Files/Pods-qingsongshi/Pods-qingsongshi.debug.xcconfig"; sourceTree = "<group>"; };
		6A337C4E1E1D361B00E120A3 /* user@2x.png */ = {isa = PBXFileReference; lastKnownFileType = image.png; path = "user@2x.png"; sourceTree = "<group>"; };
		6A337C4F1E1D361B00E120A3 /* store@2x.png */ = {isa = PBXFileReference; lastKnownFileType = image.png; path = "store@2x.png"; sourceTree = "<group>"; };
		6A337C501E1D361B00E120A3 /* find@2x.png */ = {isa = PBXFileReference; lastKnownFileType = image.png; path = "find@2x.png"; sourceTree = "<group>"; };
		6A337C511E1D361B00E120A3 /* dong@2x.png */ = {isa = PBXFileReference; lastKnownFileType = image.png; path = "dong@2x.png"; sourceTree = "<group>"; };
		6A337C561E1D36E800E120A3 /* tabbarBg@2x.png */ = {isa = PBXFileReference; lastKnownFileType = image.png; path = "tabbarBg@2x.png"; sourceTree = "<group>"; };
		6A337C591E1D3B7200E120A3 /* NSData+ImageContentType.h */ = {isa = PBXFileReference; fileEncoding = 4; lastKnownFileType = sourcecode.c.h; path = "NSData+ImageContentType.h"; sourceTree = "<group>"; };
		6A337C5A1E1D3B7200E120A3 /* NSData+ImageContentType.m */ = {isa = PBXFileReference; fileEncoding = 4; lastKnownFileType = sourcecode.c.objc; path = "NSData+ImageContentType.m"; sourceTree = "<group>"; };
		6A337C5B1E1D3B7200E120A3 /* NSImage+WebCache.h */ = {isa = PBXFileReference; fileEncoding = 4; lastKnownFileType = sourcecode.c.h; path = "NSImage+WebCache.h"; sourceTree = "<group>"; };
		6A337C5C1E1D3B7200E120A3 /* NSImage+WebCache.m */ = {isa = PBXFileReference; fileEncoding = 4; lastKnownFileType = sourcecode.c.objc; path = "NSImage+WebCache.m"; sourceTree = "<group>"; };
		6A337C5D1E1D3B7200E120A3 /* SDImageCache.h */ = {isa = PBXFileReference; fileEncoding = 4; lastKnownFileType = sourcecode.c.h; path = SDImageCache.h; sourceTree = "<group>"; };
		6A337C5E1E1D3B7200E120A3 /* SDImageCache.m */ = {isa = PBXFileReference; fileEncoding = 4; lastKnownFileType = sourcecode.c.objc; path = SDImageCache.m; sourceTree = "<group>"; };
		6A337C5F1E1D3B7200E120A3 /* SDImageCacheConfig.h */ = {isa = PBXFileReference; fileEncoding = 4; lastKnownFileType = sourcecode.c.h; path = SDImageCacheConfig.h; sourceTree = "<group>"; };
		6A337C601E1D3B7200E120A3 /* SDImageCacheConfig.m */ = {isa = PBXFileReference; fileEncoding = 4; lastKnownFileType = sourcecode.c.objc; path = SDImageCacheConfig.m; sourceTree = "<group>"; };
		6A337C611E1D3B7200E120A3 /* SDWebImageCompat.h */ = {isa = PBXFileReference; fileEncoding = 4; lastKnownFileType = sourcecode.c.h; path = SDWebImageCompat.h; sourceTree = "<group>"; };
		6A337C621E1D3B7200E120A3 /* SDWebImageCompat.m */ = {isa = PBXFileReference; fileEncoding = 4; lastKnownFileType = sourcecode.c.objc; path = SDWebImageCompat.m; sourceTree = "<group>"; };
		6A337C631E1D3B7200E120A3 /* SDWebImageDecoder.h */ = {isa = PBXFileReference; fileEncoding = 4; lastKnownFileType = sourcecode.c.h; path = SDWebImageDecoder.h; sourceTree = "<group>"; };
		6A337C641E1D3B7200E120A3 /* SDWebImageDecoder.m */ = {isa = PBXFileReference; fileEncoding = 4; lastKnownFileType = sourcecode.c.objc; path = SDWebImageDecoder.m; sourceTree = "<group>"; };
		6A337C651E1D3B7200E120A3 /* SDWebImageDownloader.h */ = {isa = PBXFileReference; fileEncoding = 4; lastKnownFileType = sourcecode.c.h; path = SDWebImageDownloader.h; sourceTree = "<group>"; };
		6A337C661E1D3B7200E120A3 /* SDWebImageDownloader.m */ = {isa = PBXFileReference; fileEncoding = 4; lastKnownFileType = sourcecode.c.objc; path = SDWebImageDownloader.m; sourceTree = "<group>"; };
		6A337C671E1D3B7200E120A3 /* SDWebImageDownloaderOperation.h */ = {isa = PBXFileReference; fileEncoding = 4; lastKnownFileType = sourcecode.c.h; path = SDWebImageDownloaderOperation.h; sourceTree = "<group>"; };
		6A337C681E1D3B7200E120A3 /* SDWebImageDownloaderOperation.m */ = {isa = PBXFileReference; fileEncoding = 4; lastKnownFileType = sourcecode.c.objc; path = SDWebImageDownloaderOperation.m; sourceTree = "<group>"; };
		6A337C691E1D3B7200E120A3 /* SDWebImageManager.h */ = {isa = PBXFileReference; fileEncoding = 4; lastKnownFileType = sourcecode.c.h; path = SDWebImageManager.h; sourceTree = "<group>"; };
		6A337C6A1E1D3B7200E120A3 /* SDWebImageManager.m */ = {isa = PBXFileReference; fileEncoding = 4; lastKnownFileType = sourcecode.c.objc; path = SDWebImageManager.m; sourceTree = "<group>"; };
		6A337C6B1E1D3B7200E120A3 /* SDWebImageOperation.h */ = {isa = PBXFileReference; fileEncoding = 4; lastKnownFileType = sourcecode.c.h; path = SDWebImageOperation.h; sourceTree = "<group>"; };
		6A337C6C1E1D3B7200E120A3 /* SDWebImagePrefetcher.h */ = {isa = PBXFileReference; fileEncoding = 4; lastKnownFileType = sourcecode.c.h; path = SDWebImagePrefetcher.h; sourceTree = "<group>"; };
		6A337C6D1E1D3B7200E120A3 /* SDWebImagePrefetcher.m */ = {isa = PBXFileReference; fileEncoding = 4; lastKnownFileType = sourcecode.c.objc; path = SDWebImagePrefetcher.m; sourceTree = "<group>"; };
		6A337C6E1E1D3B7200E120A3 /* UIButton+WebCache.h */ = {isa = PBXFileReference; fileEncoding = 4; lastKnownFileType = sourcecode.c.h; path = "UIButton+WebCache.h"; sourceTree = "<group>"; };
		6A337C6F1E1D3B7200E120A3 /* UIButton+WebCache.m */ = {isa = PBXFileReference; fileEncoding = 4; lastKnownFileType = sourcecode.c.objc; path = "UIButton+WebCache.m"; sourceTree = "<group>"; };
		6A337C701E1D3B7200E120A3 /* UIImage+GIF.h */ = {isa = PBXFileReference; fileEncoding = 4; lastKnownFileType = sourcecode.c.h; path = "UIImage+GIF.h"; sourceTree = "<group>"; };
		6A337C711E1D3B7200E120A3 /* UIImage+GIF.m */ = {isa = PBXFileReference; fileEncoding = 4; lastKnownFileType = sourcecode.c.objc; path = "UIImage+GIF.m"; sourceTree = "<group>"; };
		6A337C721E1D3B7200E120A3 /* UIImage+MultiFormat.h */ = {isa = PBXFileReference; fileEncoding = 4; lastKnownFileType = sourcecode.c.h; path = "UIImage+MultiFormat.h"; sourceTree = "<group>"; };
		6A337C731E1D3B7200E120A3 /* UIImage+MultiFormat.m */ = {isa = PBXFileReference; fileEncoding = 4; lastKnownFileType = sourcecode.c.objc; path = "UIImage+MultiFormat.m"; sourceTree = "<group>"; };
		6A337C741E1D3B7200E120A3 /* UIImageView+HighlightedWebCache.h */ = {isa = PBXFileReference; fileEncoding = 4; lastKnownFileType = sourcecode.c.h; path = "UIImageView+HighlightedWebCache.h"; sourceTree = "<group>"; };
		6A337C751E1D3B7200E120A3 /* UIImageView+HighlightedWebCache.m */ = {isa = PBXFileReference; fileEncoding = 4; lastKnownFileType = sourcecode.c.objc; path = "UIImageView+HighlightedWebCache.m"; sourceTree = "<group>"; };
		6A337C761E1D3B7200E120A3 /* UIImageView+WebCache.h */ = {isa = PBXFileReference; fileEncoding = 4; lastKnownFileType = sourcecode.c.h; path = "UIImageView+WebCache.h"; sourceTree = "<group>"; };
		6A337C771E1D3B7200E120A3 /* UIImageView+WebCache.m */ = {isa = PBXFileReference; fileEncoding = 4; lastKnownFileType = sourcecode.c.objc; path = "UIImageView+WebCache.m"; sourceTree = "<group>"; };
		6A337C781E1D3B7200E120A3 /* UIView+WebCache.h */ = {isa = PBXFileReference; fileEncoding = 4; lastKnownFileType = sourcecode.c.h; path = "UIView+WebCache.h"; sourceTree = "<group>"; };
		6A337C791E1D3B7200E120A3 /* UIView+WebCache.m */ = {isa = PBXFileReference; fileEncoding = 4; lastKnownFileType = sourcecode.c.objc; path = "UIView+WebCache.m"; sourceTree = "<group>"; };
		6A337C7A1E1D3B7200E120A3 /* UIView+WebCacheOperation.h */ = {isa = PBXFileReference; fileEncoding = 4; lastKnownFileType = sourcecode.c.h; path = "UIView+WebCacheOperation.h"; sourceTree = "<group>"; };
		6A337C7B1E1D3B7200E120A3 /* UIView+WebCacheOperation.m */ = {isa = PBXFileReference; fileEncoding = 4; lastKnownFileType = sourcecode.c.objc; path = "UIView+WebCacheOperation.m"; sourceTree = "<group>"; };
		6A337C8D1E1D3BF900E120A3 /* ImageIO.framework */ = {isa = PBXFileReference; lastKnownFileType = wrapper.framework; name = ImageIO.framework; path = System/Library/Frameworks/ImageIO.framework; sourceTree = SDKROOT; };
		6A337C901E1D3CAC00E120A3 /* AFHTTPSessionManager.h */ = {isa = PBXFileReference; fileEncoding = 4; lastKnownFileType = sourcecode.c.h; path = AFHTTPSessionManager.h; sourceTree = "<group>"; };
		6A337C911E1D3CAC00E120A3 /* AFHTTPSessionManager.m */ = {isa = PBXFileReference; fileEncoding = 4; lastKnownFileType = sourcecode.c.objc; path = AFHTTPSessionManager.m; sourceTree = "<group>"; };
		6A337C921E1D3CAC00E120A3 /* AFNetworking.h */ = {isa = PBXFileReference; fileEncoding = 4; lastKnownFileType = sourcecode.c.h; path = AFNetworking.h; sourceTree = "<group>"; };
		6A337C931E1D3CAC00E120A3 /* AFNetworkReachabilityManager.h */ = {isa = PBXFileReference; fileEncoding = 4; lastKnownFileType = sourcecode.c.h; path = AFNetworkReachabilityManager.h; sourceTree = "<group>"; };
		6A337C941E1D3CAC00E120A3 /* AFNetworkReachabilityManager.m */ = {isa = PBXFileReference; fileEncoding = 4; lastKnownFileType = sourcecode.c.objc; path = AFNetworkReachabilityManager.m; sourceTree = "<group>"; };
		6A337C951E1D3CAC00E120A3 /* AFSecurityPolicy.h */ = {isa = PBXFileReference; fileEncoding = 4; lastKnownFileType = sourcecode.c.h; path = AFSecurityPolicy.h; sourceTree = "<group>"; };
		6A337C961E1D3CAC00E120A3 /* AFSecurityPolicy.m */ = {isa = PBXFileReference; fileEncoding = 4; lastKnownFileType = sourcecode.c.objc; path = AFSecurityPolicy.m; sourceTree = "<group>"; };
		6A337C971E1D3CAC00E120A3 /* AFURLRequestSerialization.h */ = {isa = PBXFileReference; fileEncoding = 4; lastKnownFileType = sourcecode.c.h; path = AFURLRequestSerialization.h; sourceTree = "<group>"; };
		6A337C981E1D3CAC00E120A3 /* AFURLRequestSerialization.m */ = {isa = PBXFileReference; fileEncoding = 4; lastKnownFileType = sourcecode.c.objc; path = AFURLRequestSerialization.m; sourceTree = "<group>"; };
		6A337C991E1D3CAC00E120A3 /* AFURLResponseSerialization.h */ = {isa = PBXFileReference; fileEncoding = 4; lastKnownFileType = sourcecode.c.h; path = AFURLResponseSerialization.h; sourceTree = "<group>"; };
		6A337C9A1E1D3CAC00E120A3 /* AFURLResponseSerialization.m */ = {isa = PBXFileReference; fileEncoding = 4; lastKnownFileType = sourcecode.c.objc; path = AFURLResponseSerialization.m; sourceTree = "<group>"; };
		6A337C9B1E1D3CAC00E120A3 /* AFURLSessionManager.h */ = {isa = PBXFileReference; fileEncoding = 4; lastKnownFileType = sourcecode.c.h; path = AFURLSessionManager.h; sourceTree = "<group>"; };
		6A337C9C1E1D3CAC00E120A3 /* AFURLSessionManager.m */ = {isa = PBXFileReference; fileEncoding = 4; lastKnownFileType = sourcecode.c.objc; path = AFURLSessionManager.m; sourceTree = "<group>"; };
		6A337CA51E1D3D8700E120A3 /* BaseModel.m */ = {isa = PBXFileReference; fileEncoding = 4; lastKnownFileType = sourcecode.c.objc; path = BaseModel.m; sourceTree = "<group>"; };
		6A337CA71E1D3DD500E120A3 /* User.h */ = {isa = PBXFileReference; fileEncoding = 4; lastKnownFileType = sourcecode.c.h; path = User.h; sourceTree = "<group>"; };
		6A337CA81E1D3DD500E120A3 /* User.m */ = {isa = PBXFileReference; fileEncoding = 4; lastKnownFileType = sourcecode.c.objc; path = User.m; sourceTree = "<group>"; };
		6A337CAA1E1D3DEB00E120A3 /* Store.h */ = {isa = PBXFileReference; fileEncoding = 4; lastKnownFileType = sourcecode.c.h; path = Store.h; sourceTree = "<group>"; };
		6A337CAB1E1D3DEB00E120A3 /* Store.m */ = {isa = PBXFileReference; fileEncoding = 4; lastKnownFileType = sourcecode.c.objc; path = Store.m; sourceTree = "<group>"; };
		6A337CAD1E1D3E0E00E120A3 /* Device.h */ = {isa = PBXFileReference; fileEncoding = 4; lastKnownFileType = sourcecode.c.h; path = Device.h; sourceTree = "<group>"; };
		6A337CAE1E1D3E0E00E120A3 /* Device.m */ = {isa = PBXFileReference; fileEncoding = 4; lastKnownFileType = sourcecode.c.objc; path = Device.m; sourceTree = "<group>"; };
		6A337CCC1E1D40F800E120A3 /* MainViewController.h */ = {isa = PBXFileReference; fileEncoding = 4; lastKnownFileType = sourcecode.c.h; path = MainViewController.h; sourceTree = "<group>"; };
		6A337CCD1E1D40F800E120A3 /* MainViewController.m */ = {isa = PBXFileReference; fileEncoding = 4; lastKnownFileType = sourcecode.c.objc; path = MainViewController.m; sourceTree = "<group>"; };
		6A337CCF1E1D411F00E120A3 /* LoginViewController.h */ = {isa = PBXFileReference; fileEncoding = 4; lastKnownFileType = sourcecode.c.h; path = LoginViewController.h; sourceTree = "<group>"; };
		6A337CD01E1D411F00E120A3 /* LoginViewController.m */ = {isa = PBXFileReference; fileEncoding = 4; lastKnownFileType = sourcecode.c.objc; path = LoginViewController.m; sourceTree = "<group>"; };
		6A337CD51E1D446800E120A3 /* BaseViewController.h */ = {isa = PBXFileReference; fileEncoding = 4; lastKnownFileType = sourcecode.c.h; path = BaseViewController.h; sourceTree = "<group>"; };
		6A337CD61E1D446800E120A3 /* BaseViewController.m */ = {isa = PBXFileReference; fileEncoding = 4; lastKnownFileType = sourcecode.c.objc; path = BaseViewController.m; sourceTree = "<group>"; };
		6A337CDC1E1D55CA00E120A3 /* Application.pch */ = {isa = PBXFileReference; lastKnownFileType = sourcecode.c.h; path = Application.pch; sourceTree = "<group>"; };
		6A337CDD1E1D5D8F00E120A3 /* MeViewController.h */ = {isa = PBXFileReference; fileEncoding = 4; lastKnownFileType = sourcecode.c.h; path = MeViewController.h; sourceTree = "<group>"; };
		6A337CDE1E1D5D8F00E120A3 /* MeViewController.m */ = {isa = PBXFileReference; fileEncoding = 4; lastKnownFileType = sourcecode.c.objc; path = MeViewController.m; sourceTree = "<group>"; };
		6A337CF61E1D69CC00E120A3 /* 4a@2x.png */ = {isa = PBXFileReference; lastKnownFileType = image.png; path = "4a@2x.png"; sourceTree = "<group>"; };
		6A337CF71E1D69CC00E120A3 /* me_1@2x.png */ = {isa = PBXFileReference; lastKnownFileType = image.png; path = "me_1@2x.png"; sourceTree = "<group>"; };
		6A337CF81E1D69CC00E120A3 /* me_2@2x.png */ = {isa = PBXFileReference; lastKnownFileType = image.png; path = "me_2@2x.png"; sourceTree = "<group>"; };
		6A337CF91E1D69CC00E120A3 /* me_3@2x.png */ = {isa = PBXFileReference; lastKnownFileType = image.png; path = "me_3@2x.png"; sourceTree = "<group>"; };
		6A337CFA1E1D69CC00E120A3 /* me_4@2x.png */ = {isa = PBXFileReference; lastKnownFileType = image.png; path = "me_4@2x.png"; sourceTree = "<group>"; };
		6A337CFB1E1D69CC00E120A3 /* me_5@2x.png */ = {isa = PBXFileReference; lastKnownFileType = image.png; path = "me_5@2x.png"; sourceTree = "<group>"; };
		6A337CFC1E1D69CC00E120A3 /* me_6@2x.png */ = {isa = PBXFileReference; lastKnownFileType = image.png; path = "me_6@2x.png"; sourceTree = "<group>"; };
		6A4444061E1FBF9E00B63013 /* UIViewExt.h */ = {isa = PBXFileReference; fileEncoding = 4; lastKnownFileType = sourcecode.c.h; path = UIViewExt.h; sourceTree = "<group>"; };
		6A4444071E1FBF9E00B63013 /* UIViewExt.m */ = {isa = PBXFileReference; fileEncoding = 4; lastKnownFileType = sourcecode.c.objc; path = UIViewExt.m; sourceTree = "<group>"; };
		6A44441F1E20922500B63013 /* bg.jpeg */ = {isa = PBXFileReference; lastKnownFileType = image.jpeg; path = bg.jpeg; sourceTree = "<group>"; };
		6A4444201E20922500B63013 /* icon_hand.png */ = {isa = PBXFileReference; lastKnownFileType = image.png; path = icon_hand.png; sourceTree = "<group>"; };
		6A4444211E20922500B63013 /* iconfont-password.png */ = {isa = PBXFileReference; lastKnownFileType = image.png; path = "iconfont-password.png"; sourceTree = "<group>"; };
		6A4444221E20922500B63013 /* iconfont-user.png */ = {isa = PBXFileReference; lastKnownFileType = image.png; path = "iconfont-user.png"; sourceTree = "<group>"; };
		6A4444231E20922500B63013 /* owl-login-arm-left@2x.png */ = {isa = PBXFileReference; lastKnownFileType = image.png; path = "owl-login-arm-left@2x.png"; sourceTree = "<group>"; };
		6A4444241E20922500B63013 /* owl-login-arm-right@2x.png */ = {isa = PBXFileReference; lastKnownFileType = image.png; path = "owl-login-arm-right@2x.png"; sourceTree = "<group>"; };
		6A4444251E20922500B63013 /* owl-login@2x.png */ = {isa = PBXFileReference; lastKnownFileType = image.png; path = "owl-login@2x.png"; sourceTree = "<group>"; };
		6A44442E1E20929E00B63013 /* LoginView.h */ = {isa = PBXFileReference; fileEncoding = 4; lastKnownFileType = sourcecode.c.h; path = LoginView.h; sourceTree = "<group>"; };
		6A44442F1E20929E00B63013 /* LoginView.m */ = {isa = PBXFileReference; fileEncoding = 4; lastKnownFileType = sourcecode.c.objc; path = LoginView.m; sourceTree = "<group>"; };
		6A4444311E209F1700B63013 /* RootViewController.h */ = {isa = PBXFileReference; fileEncoding = 4; lastKnownFileType = sourcecode.c.h; path = RootViewController.h; sourceTree = "<group>"; };
		6A4444321E209F1700B63013 /* RootViewController.m */ = {isa = PBXFileReference; fileEncoding = 4; lastKnownFileType = sourcecode.c.objc; path = RootViewController.m; sourceTree = "<group>"; };
		6A44444A1E20AC3100B63013 /* SVIndefiniteAnimatedView.h */ = {isa = PBXFileReference; fileEncoding = 4; lastKnownFileType = sourcecode.c.h; path = SVIndefiniteAnimatedView.h; sourceTree = "<group>"; };
		6A44444B1E20AC3100B63013 /* SVIndefiniteAnimatedView.m */ = {isa = PBXFileReference; fileEncoding = 4; lastKnownFileType = sourcecode.c.objc; path = SVIndefiniteAnimatedView.m; sourceTree = "<group>"; };
		6A44444C1E20AC3100B63013 /* SVProgressAnimatedView.h */ = {isa = PBXFileReference; fileEncoding = 4; lastKnownFileType = sourcecode.c.h; path = SVProgressAnimatedView.h; sourceTree = "<group>"; };
		6A44444D1E20AC3100B63013 /* SVProgressAnimatedView.m */ = {isa = PBXFileReference; fileEncoding = 4; lastKnownFileType = sourcecode.c.objc; path = SVProgressAnimatedView.m; sourceTree = "<group>"; };
		6A44444E1E20AC3100B63013 /* SVProgressHUD-Prefix.pch */ = {isa = PBXFileReference; fileEncoding = 4; lastKnownFileType = sourcecode.c.h; path = "SVProgressHUD-Prefix.pch"; sourceTree = "<group>"; };
		6A44444F1E20AC3100B63013 /* SVProgressHUD.bundle */ = {isa = PBXFileReference; lastKnownFileType = "wrapper.plug-in"; path = SVProgressHUD.bundle; sourceTree = "<group>"; };
		6A4444501E20AC3100B63013 /* SVProgressHUD.h */ = {isa = PBXFileReference; fileEncoding = 4; lastKnownFileType = sourcecode.c.h; path = SVProgressHUD.h; sourceTree = "<group>"; };
		6A4444511E20AC3100B63013 /* SVProgressHUD.m */ = {isa = PBXFileReference; fileEncoding = 4; lastKnownFileType = sourcecode.c.objc; path = SVProgressHUD.m; sourceTree = "<group>"; };
		6A4444521E20AC3100B63013 /* SVRadialGradientLayer.h */ = {isa = PBXFileReference; fileEncoding = 4; lastKnownFileType = sourcecode.c.h; path = SVRadialGradientLayer.h; sourceTree = "<group>"; };
		6A4444531E20AC3100B63013 /* SVRadialGradientLayer.m */ = {isa = PBXFileReference; fileEncoding = 4; lastKnownFileType = sourcecode.c.objc; path = SVRadialGradientLayer.m; sourceTree = "<group>"; };
		6A44445A1E20BBEB00B63013 /* HomeActionView.h */ = {isa = PBXFileReference; fileEncoding = 4; lastKnownFileType = sourcecode.c.h; path = HomeActionView.h; sourceTree = "<group>"; };
		6A44445B1E20BBEB00B63013 /* HomeActionView.m */ = {isa = PBXFileReference; fileEncoding = 4; lastKnownFileType = sourcecode.c.objc; path = HomeActionView.m; sourceTree = "<group>"; };
		6A5677F81E1D6CA70026739E /* HomeViewController.h */ = {isa = PBXFileReference; fileEncoding = 4; lastKnownFileType = sourcecode.c.h; path = HomeViewController.h; sourceTree = "<group>"; };
		6A5677F91E1D6CA70026739E /* HomeViewController.m */ = {isa = PBXFileReference; fileEncoding = 4; lastKnownFileType = sourcecode.c.objc; path = HomeViewController.m; sourceTree = "<group>"; };
		6A5677FB1E1D6CDA0026739E /* StoreViewController.h */ = {isa = PBXFileReference; fileEncoding = 4; lastKnownFileType = sourcecode.c.h; path = StoreViewController.h; sourceTree = "<group>"; };
		6A5677FC1E1D6CDA0026739E /* StoreViewController.m */ = {isa = PBXFileReference; fileEncoding = 4; lastKnownFileType = sourcecode.c.objc; path = StoreViewController.m; sourceTree = "<group>"; };
		6A5677FE1E1D6CF30026739E /* ModuleViewController.h */ = {isa = PBXFileReference; fileEncoding = 4; lastKnownFileType = sourcecode.c.h; path = ModuleViewController.h; sourceTree = "<group>"; };
		6A5677FF1E1D6CF30026739E /* ModuleViewController.m */ = {isa = PBXFileReference; fileEncoding = 4; lastKnownFileType = sourcecode.c.objc; path = ModuleViewController.m; sourceTree = "<group>"; };
		6A5678161E1D715A0026739E /* ModuleConfig.plist */ = {isa = PBXFileReference; fileEncoding = 4; lastKnownFileType = text.plist.xml; path = ModuleConfig.plist; sourceTree = "<group>"; };
		6A7B985E1F1DD926000FD224 /* SVPlayerView.h */ = {isa = PBXFileReference; fileEncoding = 4; lastKnownFileType = sourcecode.c.h; path = SVPlayerView.h; sourceTree = "<group>"; };
		6A7B985F1F1DD926000FD224 /* SVPlayerView.m */ = {isa = PBXFileReference; fileEncoding = 4; lastKnownFileType = sourcecode.c.objc; path = SVPlayerView.m; sourceTree = "<group>"; };
		6A7B987D1F1DE13D000FD224 /* libiconv.tbd */ = {isa = PBXFileReference; lastKnownFileType = "sourcecode.text-based-dylib-definition"; name = libiconv.tbd; path = usr/lib/libiconv.tbd; sourceTree = SDKROOT; };
		6A7B987F1F1DE14A000FD224 /* libc++.tbd */ = {isa = PBXFileReference; lastKnownFileType = "sourcecode.text-based-dylib-definition"; name = "libc++.tbd"; path = "usr/lib/libc++.tbd"; sourceTree = SDKROOT; };
		6A7B98811F1DE15E000FD224 /* libbz2.tbd */ = {isa = PBXFileReference; lastKnownFileType = "sourcecode.text-based-dylib-definition"; name = libbz2.tbd; path = usr/lib/libbz2.tbd; sourceTree = SDKROOT; };
		6A7B98831F1DE1AE000FD224 /* OpenGLES.framework */ = {isa = PBXFileReference; lastKnownFileType = wrapper.framework; name = OpenGLES.framework; path = System/Library/Frameworks/OpenGLES.framework; sourceTree = SDKROOT; };
		6A7B98851F1DE1BB000FD224 /* Accelerate.framework */ = {isa = PBXFileReference; lastKnownFileType = wrapper.framework; name = Accelerate.framework; path = System/Library/Frameworks/Accelerate.framework; sourceTree = SDKROOT; };
		6A7B98871F1DE1DC000FD224 /* MediaPlayer.framework */ = {isa = PBXFileReference; lastKnownFileType = wrapper.framework; name = MediaPlayer.framework; path = System/Library/Frameworks/MediaPlayer.framework; sourceTree = SDKROOT; };
		6AA054A01F15F261006D121D /* BaseModel.h */ = {isa = PBXFileReference; lastKnownFileType = sourcecode.c.h; path = BaseModel.h; sourceTree = "<group>"; };
		6AAA61AC1E1CBDAF00ADEBFF /* qingsongshi.app */ = {isa = PBXFileReference; explicitFileType = wrapper.application; includeInIndex = 0; path = qingsongshi.app; sourceTree = BUILT_PRODUCTS_DIR; };
		6AAA61B01E1CBDAF00ADEBFF /* main.m */ = {isa = PBXFileReference; lastKnownFileType = sourcecode.c.objc; path = main.m; sourceTree = "<group>"; };
		6AAA61B21E1CBDAF00ADEBFF /* AppDelegate.h */ = {isa = PBXFileReference; lastKnownFileType = sourcecode.c.h; path = AppDelegate.h; sourceTree = "<group>"; };
		6AAA61B31E1CBDAF00ADEBFF /* AppDelegate.m */ = {isa = PBXFileReference; lastKnownFileType = sourcecode.c.objc; path = AppDelegate.m; sourceTree = "<group>"; };
		6AAA61BE1E1CBDAF00ADEBFF /* Assets.xcassets */ = {isa = PBXFileReference; lastKnownFileType = folder.assetcatalog; path = Assets.xcassets; sourceTree = "<group>"; };
		6AAA61C11E1CBDAF00ADEBFF /* Base */ = {isa = PBXFileReference; lastKnownFileType = file.storyboard; name = Base; path = Base.lproj/LaunchScreen.storyboard; sourceTree = "<group>"; };
		6AAA61C31E1CBDAF00ADEBFF /* Info.plist */ = {isa = PBXFileReference; lastKnownFileType = text.plist.xml; path = Info.plist; sourceTree = "<group>"; };
		6AAA61CD1E1CC46500ADEBFF /* MJRefreshAutoFooter.h */ = {isa = PBXFileReference; fileEncoding = 4; lastKnownFileType = sourcecode.c.h; path = MJRefreshAutoFooter.h; sourceTree = "<group>"; };
		6AAA61CE1E1CC46500ADEBFF /* MJRefreshAutoFooter.m */ = {isa = PBXFileReference; fileEncoding = 4; lastKnownFileType = sourcecode.c.objc; path = MJRefreshAutoFooter.m; sourceTree = "<group>"; };
		6AAA61CF1E1CC46500ADEBFF /* MJRefreshBackFooter.h */ = {isa = PBXFileReference; fileEncoding = 4; lastKnownFileType = sourcecode.c.h; path = MJRefreshBackFooter.h; sourceTree = "<group>"; };
		6AAA61D01E1CC46500ADEBFF /* MJRefreshBackFooter.m */ = {isa = PBXFileReference; fileEncoding = 4; lastKnownFileType = sourcecode.c.objc; path = MJRefreshBackFooter.m; sourceTree = "<group>"; };
		6AAA61D11E1CC46500ADEBFF /* MJRefreshComponent.h */ = {isa = PBXFileReference; fileEncoding = 4; lastKnownFileType = sourcecode.c.h; path = MJRefreshComponent.h; sourceTree = "<group>"; };
		6AAA61D21E1CC46500ADEBFF /* MJRefreshComponent.m */ = {isa = PBXFileReference; fileEncoding = 4; lastKnownFileType = sourcecode.c.objc; path = MJRefreshComponent.m; sourceTree = "<group>"; };
		6AAA61D31E1CC46500ADEBFF /* MJRefreshFooter.h */ = {isa = PBXFileReference; fileEncoding = 4; lastKnownFileType = sourcecode.c.h; path = MJRefreshFooter.h; sourceTree = "<group>"; };
		6AAA61D41E1CC46500ADEBFF /* MJRefreshFooter.m */ = {isa = PBXFileReference; fileEncoding = 4; lastKnownFileType = sourcecode.c.objc; path = MJRefreshFooter.m; sourceTree = "<group>"; };
		6AAA61D51E1CC46500ADEBFF /* MJRefreshHeader.h */ = {isa = PBXFileReference; fileEncoding = 4; lastKnownFileType = sourcecode.c.h; path = MJRefreshHeader.h; sourceTree = "<group>"; };
		6AAA61D61E1CC46500ADEBFF /* MJRefreshHeader.m */ = {isa = PBXFileReference; fileEncoding = 4; lastKnownFileType = sourcecode.c.objc; path = MJRefreshHeader.m; sourceTree = "<group>"; };
		6AAA61DA1E1CC46500ADEBFF /* MJRefreshAutoGifFooter.h */ = {isa = PBXFileReference; fileEncoding = 4; lastKnownFileType = sourcecode.c.h; path = MJRefreshAutoGifFooter.h; sourceTree = "<group>"; };
		6AAA61DB1E1CC46500ADEBFF /* MJRefreshAutoGifFooter.m */ = {isa = PBXFileReference; fileEncoding = 4; lastKnownFileType = sourcecode.c.objc; path = MJRefreshAutoGifFooter.m; sourceTree = "<group>"; };
		6AAA61DC1E1CC46500ADEBFF /* MJRefreshAutoNormalFooter.h */ = {isa = PBXFileReference; fileEncoding = 4; lastKnownFileType = sourcecode.c.h; path = MJRefreshAutoNormalFooter.h; sourceTree = "<group>"; };
		6AAA61DD1E1CC46500ADEBFF /* MJRefreshAutoNormalFooter.m */ = {isa = PBXFileReference; fileEncoding = 4; lastKnownFileType = sourcecode.c.objc; path = MJRefreshAutoNormalFooter.m; sourceTree = "<group>"; };
		6AAA61DE1E1CC46500ADEBFF /* MJRefreshAutoStateFooter.h */ = {isa = PBXFileReference; fileEncoding = 4; lastKnownFileType = sourcecode.c.h; path = MJRefreshAutoStateFooter.h; sourceTree = "<group>"; };
		6AAA61DF1E1CC46500ADEBFF /* MJRefreshAutoStateFooter.m */ = {isa = PBXFileReference; fileEncoding = 4; lastKnownFileType = sourcecode.c.objc; path = MJRefreshAutoStateFooter.m; sourceTree = "<group>"; };
		6AAA61E11E1CC46500ADEBFF /* MJRefreshBackGifFooter.h */ = {isa = PBXFileReference; fileEncoding = 4; lastKnownFileType = sourcecode.c.h; path = MJRefreshBackGifFooter.h; sourceTree = "<group>"; };
		6AAA61E21E1CC46500ADEBFF /* MJRefreshBackGifFooter.m */ = {isa = PBXFileReference; fileEncoding = 4; lastKnownFileType = sourcecode.c.objc; path = MJRefreshBackGifFooter.m; sourceTree = "<group>"; };
		6AAA61E31E1CC46500ADEBFF /* MJRefreshBackNormalFooter.h */ = {isa = PBXFileReference; fileEncoding = 4; lastKnownFileType = sourcecode.c.h; path = MJRefreshBackNormalFooter.h; sourceTree = "<group>"; };
		6AAA61E41E1CC46500ADEBFF /* MJRefreshBackNormalFooter.m */ = {isa = PBXFileReference; fileEncoding = 4; lastKnownFileType = sourcecode.c.objc; path = MJRefreshBackNormalFooter.m; sourceTree = "<group>"; };
		6AAA61E51E1CC46500ADEBFF /* MJRefreshBackStateFooter.h */ = {isa = PBXFileReference; fileEncoding = 4; lastKnownFileType = sourcecode.c.h; path = MJRefreshBackStateFooter.h; sourceTree = "<group>"; };
		6AAA61E61E1CC46500ADEBFF /* MJRefreshBackStateFooter.m */ = {isa = PBXFileReference; fileEncoding = 4; lastKnownFileType = sourcecode.c.objc; path = MJRefreshBackStateFooter.m; sourceTree = "<group>"; };
		6AAA61E81E1CC46500ADEBFF /* MJRefreshGifHeader.h */ = {isa = PBXFileReference; fileEncoding = 4; lastKnownFileType = sourcecode.c.h; path = MJRefreshGifHeader.h; sourceTree = "<group>"; };
		6AAA61E91E1CC46500ADEBFF /* MJRefreshGifHeader.m */ = {isa = PBXFileReference; fileEncoding = 4; lastKnownFileType = sourcecode.c.objc; path = MJRefreshGifHeader.m; sourceTree = "<group>"; };
		6AAA61EA1E1CC46500ADEBFF /* MJRefreshNormalHeader.h */ = {isa = PBXFileReference; fileEncoding = 4; lastKnownFileType = sourcecode.c.h; path = MJRefreshNormalHeader.h; sourceTree = "<group>"; };
		6AAA61EB1E1CC46500ADEBFF /* MJRefreshNormalHeader.m */ = {isa = PBXFileReference; fileEncoding = 4; lastKnownFileType = sourcecode.c.objc; path = MJRefreshNormalHeader.m; sourceTree = "<group>"; };
		6AAA61EC1E1CC46500ADEBFF /* MJRefreshStateHeader.h */ = {isa = PBXFileReference; fileEncoding = 4; lastKnownFileType = sourcecode.c.h; path = MJRefreshStateHeader.h; sourceTree = "<group>"; };
		6AAA61ED1E1CC46500ADEBFF /* MJRefreshStateHeader.m */ = {isa = PBXFileReference; fileEncoding = 4; lastKnownFileType = sourcecode.c.objc; path = MJRefreshStateHeader.m; sourceTree = "<group>"; };
		6AAA61EE1E1CC46500ADEBFF /* MJRefresh.bundle */ = {isa = PBXFileReference; lastKnownFileType = "wrapper.plug-in"; path = MJRefresh.bundle; sourceTree = "<group>"; };
		6AAA61EF1E1CC46500ADEBFF /* MJRefresh.h */ = {isa = PBXFileReference; fileEncoding = 4; lastKnownFileType = sourcecode.c.h; path = MJRefresh.h; sourceTree = "<group>"; };
		6AAA61F01E1CC46500ADEBFF /* MJRefreshConst.h */ = {isa = PBXFileReference; fileEncoding = 4; lastKnownFileType = sourcecode.c.h; path = MJRefreshConst.h; sourceTree = "<group>"; };
		6AAA61F11E1CC46500ADEBFF /* MJRefreshConst.m */ = {isa = PBXFileReference; fileEncoding = 4; lastKnownFileType = sourcecode.c.objc; path = MJRefreshConst.m; sourceTree = "<group>"; };
		6AAA61F21E1CC46500ADEBFF /* UIScrollView+MJExtension.h */ = {isa = PBXFileReference; fileEncoding = 4; lastKnownFileType = sourcecode.c.h; path = "UIScrollView+MJExtension.h"; sourceTree = "<group>"; };
		6AAA61F31E1CC46500ADEBFF /* UIScrollView+MJExtension.m */ = {isa = PBXFileReference; fileEncoding = 4; lastKnownFileType = sourcecode.c.objc; path = "UIScrollView+MJExtension.m"; sourceTree = "<group>"; };
		6AAA61F41E1CC46500ADEBFF /* UIScrollView+MJRefresh.h */ = {isa = PBXFileReference; fileEncoding = 4; lastKnownFileType = sourcecode.c.h; path = "UIScrollView+MJRefresh.h"; sourceTree = "<group>"; };
		6AAA61F51E1CC46500ADEBFF /* UIScrollView+MJRefresh.m */ = {isa = PBXFileReference; fileEncoding = 4; lastKnownFileType = sourcecode.c.objc; path = "UIScrollView+MJRefresh.m"; sourceTree = "<group>"; };
		6AAA61F61E1CC46500ADEBFF /* UIView+MJExtension.h */ = {isa = PBXFileReference; fileEncoding = 4; lastKnownFileType = sourcecode.c.h; path = "UIView+MJExtension.h"; sourceTree = "<group>"; };
		6AAA61F71E1CC46500ADEBFF /* UIView+MJExtension.m */ = {isa = PBXFileReference; fileEncoding = 4; lastKnownFileType = sourcecode.c.objc; path = "UIView+MJExtension.m"; sourceTree = "<group>"; };
		6AAA620D1E1CC49000ADEBFF /* MBProgressHUD.m */ = {isa = PBXFileReference; fileEncoding = 4; lastKnownFileType = sourcecode.c.objc; path = MBProgressHUD.m; sourceTree = "<group>"; };
		6AAA620F1E1CC49B00ADEBFF /* MBProgressHUD.h */ = {isa = PBXFileReference; lastKnownFileType = sourcecode.c.h; path = MBProgressHUD.h; sourceTree = "<group>"; };
		6AAA62151E1CC52300ADEBFF /* CoreGraphics.framework */ = {isa = PBXFileReference; lastKnownFileType = wrapper.framework; name = CoreGraphics.framework; path = System/Library/Frameworks/CoreGraphics.framework; sourceTree = SDKROOT; };
		6AAA62181E1CC54800ADEBFF /* NSArray+FirstLetterArray.h */ = {isa = PBXFileReference; fileEncoding = 4; lastKnownFileType = sourcecode.c.h; path = "NSArray+FirstLetterArray.h"; sourceTree = "<group>"; };
		6AAA62191E1CC54800ADEBFF /* NSArray+FirstLetterArray.m */ = {isa = PBXFileReference; fileEncoding = 4; lastKnownFileType = sourcecode.c.objc; path = "NSArray+FirstLetterArray.m"; sourceTree = "<group>"; };
		6AAA621A1E1CC54800ADEBFF /* NSString+FirstLetter.h */ = {isa = PBXFileReference; fileEncoding = 4; lastKnownFileType = sourcecode.c.h; path = "NSString+FirstLetter.h"; sourceTree = "<group>"; };
		6AAA621B1E1CC54800ADEBFF /* NSString+FirstLetter.m */ = {isa = PBXFileReference; fileEncoding = 4; lastKnownFileType = sourcecode.c.objc; path = "NSString+FirstLetter.m"; sourceTree = "<group>"; };
		6AAA621C1E1CC54800ADEBFF /* pinyin.h */ = {isa = PBXFileReference; fileEncoding = 4; lastKnownFileType = sourcecode.c.h; path = pinyin.h; sourceTree = "<group>"; };
		6AAA621D1E1CC54800ADEBFF /* pinyin.m */ = {isa = PBXFileReference; fileEncoding = 4; lastKnownFileType = sourcecode.c.objc; path = pinyin.m; sourceTree = "<group>"; };
		6AAA62381E1CCE7B00ADEBFF /* Main.storyboard */ = {isa = PBXFileReference; fileEncoding = 4; lastKnownFileType = file.storyboard; path = Main.storyboard; sourceTree = "<group>"; };
		6AAA623A1E1CCECA00ADEBFF /* LaunchActive.storyboard */ = {isa = PBXFileReference; fileEncoding = 4; lastKnownFileType = file.storyboard; path = LaunchActive.storyboard; sourceTree = "<group>"; };
		6AAA623E1E1CD2F300ADEBFF /* Player.storyboard */ = {isa = PBXFileReference; fileEncoding = 4; lastKnownFileType = file.storyboard; path = Player.storyboard; sourceTree = "<group>"; };
		6AAA62401E1CD6BD00ADEBFF /* Login.storyboard */ = {isa = PBXFileReference; fileEncoding = 4; lastKnownFileType = file.storyboard; path = Login.storyboard; sourceTree = "<group>"; };
		6AAA62421E1CD7E400ADEBFF /* AppIcon.png */ = {isa = PBXFileReference; lastKnownFileType = image.png; path = AppIcon.png; sourceTree = "<group>"; };
		6AB37CEA1E1F378000ABF883 /* UIScrollView+Extension.h */ = {isa = PBXFileReference; fileEncoding = 4; lastKnownFileType = sourcecode.c.h; path = "UIScrollView+Extension.h"; sourceTree = "<group>"; };
		6AB37CEB1E1F378000ABF883 /* UIScrollView+Extension.m */ = {isa = PBXFileReference; fileEncoding = 4; lastKnownFileType = sourcecode.c.objc; path = "UIScrollView+Extension.m"; sourceTree = "<group>"; };
		6AB37CED1E1F38FC00ABF883 /* AVKit.framework */ = {isa = PBXFileReference; lastKnownFileType = wrapper.framework; name = AVKit.framework; path = System/Library/Frameworks/AVKit.framework; sourceTree = SDKROOT; };
		6AD37CEB1E1DED9A0012B37A /* libz.tbd */ = {isa = PBXFileReference; lastKnownFileType = "sourcecode.text-based-dylib-definition"; name = libz.tbd; path = usr/lib/libz.tbd; sourceTree = SDKROOT; };
		6AD37CED1E1DEDAB0012B37A /* VideoToolbox.framework */ = {isa = PBXFileReference; lastKnownFileType = wrapper.framework; name = VideoToolbox.framework; path = System/Library/Frameworks/VideoToolbox.framework; sourceTree = SDKROOT; };
		6AD37CEF1E1DEDBC0012B37A /* CoreMedia.framework */ = {isa = PBXFileReference; lastKnownFileType = wrapper.framework; name = CoreMedia.framework; path = System/Library/Frameworks/CoreMedia.framework; sourceTree = SDKROOT; };
		6AD37CF11E1DEDC40012B37A /* AudioToolbox.framework */ = {isa = PBXFileReference; lastKnownFileType = wrapper.framework; name = AudioToolbox.framework; path = System/Library/Frameworks/AudioToolbox.framework; sourceTree = SDKROOT; };
		6AD37CF31E1DEDD00012B37A /* AVFoundation.framework */ = {isa = PBXFileReference; lastKnownFileType = wrapper.framework; name = AVFoundation.framework; path = System/Library/Frameworks/AVFoundation.framework; sourceTree = SDKROOT; };
		6AE060641F1DAA15003829F5 /* ZFDefaultHandle.h */ = {isa = PBXFileReference; fileEncoding = 4; lastKnownFileType = sourcecode.c.h; path = ZFDefaultHandle.h; sourceTree = "<group>"; };
		6AE060651F1DAA15003829F5 /* ZFDefaultHandle.m */ = {isa = PBXFileReference; fileEncoding = 4; lastKnownFileType = sourcecode.c.objc; path = ZFDefaultHandle.m; sourceTree = "<group>"; };
		6AF234E41F1F139E001F1379 /* SVPlayerViewController.h */ = {isa = PBXFileReference; fileEncoding = 4; lastKnownFileType = sourcecode.c.h; path = SVPlayerViewController.h; sourceTree = "<group>"; };
		6AF234E51F1F139E001F1379 /* SVPlayerViewController.m */ = {isa = PBXFileReference; fileEncoding = 4; lastKnownFileType = sourcecode.c.objc; path = SVPlayerViewController.m; sourceTree = "<group>"; };
		6AF235011F1F18F7001F1379 /* player_voice@2x.png */ = {isa = PBXFileReference; lastKnownFileType = image.png; path = "player_voice@2x.png"; sourceTree = "<group>"; };
		6AF235021F1F18F7001F1379 /* player_mute@2x.png */ = {isa = PBXFileReference; lastKnownFileType = image.png; path = "player_mute@2x.png"; sourceTree = "<group>"; };
		6AF235031F1F18F7001F1379 /* player_full@2x.png */ = {isa = PBXFileReference; lastKnownFileType = image.png; path = "player_full@2x.png"; sourceTree = "<group>"; };
		6AF235041F1F18F7001F1379 /* player_normal@2x.png */ = {isa = PBXFileReference; lastKnownFileType = image.png; path = "player_normal@2x.png"; sourceTree = "<group>"; };
		6AF235051F1F18F7001F1379 /* player_stop@2x.png */ = {isa = PBXFileReference; lastKnownFileType = image.png; path = "player_stop@2x.png"; sourceTree = "<group>"; };
		6AF235061F1F18F7001F1379 /* player_playing@2x.png */ = {isa = PBXFileReference; lastKnownFileType = image.png; path = "player_playing@2x.png"; sourceTree = "<group>"; };
		6AF235261F1F1A20001F1379 /* player_tool_cam@2x.png */ = {isa = PBXFileReference; lastKnownFileType = image.png; path = "player_tool_cam@2x.png"; sourceTree = "<group>"; };
		6AF235C11F1F3FA6001F1379 /* libresolv.tbd */ = {isa = PBXFileReference; lastKnownFileType = "sourcecode.text-based-dylib-definition"; name = libresolv.tbd; path = usr/lib/libresolv.tbd; sourceTree = SDKROOT; };
		9CACC3C3F11BF97F7D07B89B /* Pods_qingsongshi.framework */ = {isa = PBXFileReference; explicitFileType = wrapper.framework; includeInIndex = 0; path = Pods_qingsongshi.framework; sourceTree = BUILT_PRODUCTS_DIR; };
/* End PBXFileReference section */

/* Begin PBXFrameworksBuildPhase section */
		6AAA61A91E1CBDAF00ADEBFF /* Frameworks */ = {
			isa = PBXFrameworksBuildPhase;
			buildActionMask = 2147483647;
			files = (
				6A7B98841F1DE1AE000FD224 /* OpenGLES.framework in Frameworks */,
				6A7B98821F1DE15E000FD224 /* libbz2.tbd in Frameworks */,
				6A7B98801F1DE14A000FD224 /* libc++.tbd in Frameworks */,
				6A7B987E1F1DE13D000FD224 /* libiconv.tbd in Frameworks */,
				6AB37CEE1E1F38FC00ABF883 /* AVKit.framework in Frameworks */,
				6AD37CF41E1DEDD00012B37A /* AVFoundation.framework in Frameworks */,
				6AD37CF21E1DEDC40012B37A /* AudioToolbox.framework in Frameworks */,
				6AD37CF01E1DEDBC0012B37A /* CoreMedia.framework in Frameworks */,
				6AD37CEE1E1DEDAB0012B37A /* VideoToolbox.framework in Frameworks */,
				6AD37CEC1E1DED9A0012B37A /* libz.tbd in Frameworks */,
				ECCF049E76277E77C433A4BF /* Pods_qingsongshi.framework in Frameworks */,
			);
			runOnlyForDeploymentPostprocessing = 0;
		};
/* End PBXFrameworksBuildPhase section */

/* Begin PBXGroup section */
		3B76578BE65D73FCA8B4E436 /* Pods */ = {
			isa = PBXGroup;
			children = (
				39E16FE1CA8CF1EF8EC2F057 /* Pods-qingsongshi.debug.xcconfig */,
				31D035B8190E3A25B2957C9F /* Pods-qingsongshi.release.xcconfig */,
			);
			name = Pods;
			sourceTree = "<group>";
		};
		6A337C4D1E1D361000E120A3 /* TabBar */ = {
			isa = PBXGroup;
			children = (
				6A337C561E1D36E800E120A3 /* tabbarBg@2x.png */,
				6A337C4E1E1D361B00E120A3 /* user@2x.png */,
				6A337C4F1E1D361B00E120A3 /* store@2x.png */,
				6A337C501E1D361B00E120A3 /* find@2x.png */,
				6A337C511E1D361B00E120A3 /* dong@2x.png */,
			);
			path = TabBar;
			sourceTree = "<group>";
		};
		6A337C581E1D3B5800E120A3 /* SDWebImage */ = {
			isa = PBXGroup;
			children = (
				6A337C591E1D3B7200E120A3 /* NSData+ImageContentType.h */,
				6A337C5A1E1D3B7200E120A3 /* NSData+ImageContentType.m */,
				6A337C5B1E1D3B7200E120A3 /* NSImage+WebCache.h */,
				6A337C5C1E1D3B7200E120A3 /* NSImage+WebCache.m */,
				6A337C5D1E1D3B7200E120A3 /* SDImageCache.h */,
				6A337C5E1E1D3B7200E120A3 /* SDImageCache.m */,
				6A337C5F1E1D3B7200E120A3 /* SDImageCacheConfig.h */,
				6A337C601E1D3B7200E120A3 /* SDImageCacheConfig.m */,
				6A337C611E1D3B7200E120A3 /* SDWebImageCompat.h */,
				6A337C621E1D3B7200E120A3 /* SDWebImageCompat.m */,
				6A337C631E1D3B7200E120A3 /* SDWebImageDecoder.h */,
				6A337C641E1D3B7200E120A3 /* SDWebImageDecoder.m */,
				6A337C651E1D3B7200E120A3 /* SDWebImageDownloader.h */,
				6A337C661E1D3B7200E120A3 /* SDWebImageDownloader.m */,
				6A337C671E1D3B7200E120A3 /* SDWebImageDownloaderOperation.h */,
				6A337C681E1D3B7200E120A3 /* SDWebImageDownloaderOperation.m */,
				6A337C691E1D3B7200E120A3 /* SDWebImageManager.h */,
				6A337C6A1E1D3B7200E120A3 /* SDWebImageManager.m */,
				6A337C6B1E1D3B7200E120A3 /* SDWebImageOperation.h */,
				6A337C6C1E1D3B7200E120A3 /* SDWebImagePrefetcher.h */,
				6A337C6D1E1D3B7200E120A3 /* SDWebImagePrefetcher.m */,
				6A337C6E1E1D3B7200E120A3 /* UIButton+WebCache.h */,
				6A337C6F1E1D3B7200E120A3 /* UIButton+WebCache.m */,
				6A337C701E1D3B7200E120A3 /* UIImage+GIF.h */,
				6A337C711E1D3B7200E120A3 /* UIImage+GIF.m */,
				6A337C721E1D3B7200E120A3 /* UIImage+MultiFormat.h */,
				6A337C731E1D3B7200E120A3 /* UIImage+MultiFormat.m */,
				6A337C741E1D3B7200E120A3 /* UIImageView+HighlightedWebCache.h */,
				6A337C751E1D3B7200E120A3 /* UIImageView+HighlightedWebCache.m */,
				6A337C761E1D3B7200E120A3 /* UIImageView+WebCache.h */,
				6A337C771E1D3B7200E120A3 /* UIImageView+WebCache.m */,
				6A337C781E1D3B7200E120A3 /* UIView+WebCache.h */,
				6A337C791E1D3B7200E120A3 /* UIView+WebCache.m */,
				6A337C7A1E1D3B7200E120A3 /* UIView+WebCacheOperation.h */,
				6A337C7B1E1D3B7200E120A3 /* UIView+WebCacheOperation.m */,
			);
			path = SDWebImage;
			sourceTree = "<group>";
		};
		6A337C8F1E1D3CAC00E120A3 /* AFNetworking */ = {
			isa = PBXGroup;
			children = (
				6A337C901E1D3CAC00E120A3 /* AFHTTPSessionManager.h */,
				6A337C911E1D3CAC00E120A3 /* AFHTTPSessionManager.m */,
				6A337C921E1D3CAC00E120A3 /* AFNetworking.h */,
				6A337C931E1D3CAC00E120A3 /* AFNetworkReachabilityManager.h */,
				6A337C941E1D3CAC00E120A3 /* AFNetworkReachabilityManager.m */,
				6A337C951E1D3CAC00E120A3 /* AFSecurityPolicy.h */,
				6A337C961E1D3CAC00E120A3 /* AFSecurityPolicy.m */,
				6A337C971E1D3CAC00E120A3 /* AFURLRequestSerialization.h */,
				6A337C981E1D3CAC00E120A3 /* AFURLRequestSerialization.m */,
				6A337C991E1D3CAC00E120A3 /* AFURLResponseSerialization.h */,
				6A337C9A1E1D3CAC00E120A3 /* AFURLResponseSerialization.m */,
				6A337C9B1E1D3CAC00E120A3 /* AFURLSessionManager.h */,
				6A337C9C1E1D3CAC00E120A3 /* AFURLSessionManager.m */,
			);
			path = AFNetworking;
			sourceTree = "<group>";
		};
		6A337CA31E1D3D2300E120A3 /* Models */ = {
			isa = PBXGroup;
			children = (
				6AA054A01F15F261006D121D /* BaseModel.h */,
				6A337CA51E1D3D8700E120A3 /* BaseModel.m */,
				6A337CA71E1D3DD500E120A3 /* User.h */,
				6A337CA81E1D3DD500E120A3 /* User.m */,
				6A337CAA1E1D3DEB00E120A3 /* Store.h */,
				6A337CAB1E1D3DEB00E120A3 /* Store.m */,
				6A337CAD1E1D3E0E00E120A3 /* Device.h */,
				6A337CAE1E1D3E0E00E120A3 /* Device.m */,
				6AE060641F1DAA15003829F5 /* ZFDefaultHandle.h */,
				6AE060651F1DAA15003829F5 /* ZFDefaultHandle.m */,
			);
			path = Models;
			sourceTree = "<group>";
		};
		6A337CB01E1D3F3200E120A3 /* ViewController */ = {
			isa = PBXGroup;
			children = (
				6A337CB11E1D3F5A00E120A3 /* Login */,
				6A337CB21E1D3F7B00E120A3 /* Main */,
				6A337CB31E1D3F7B00E120A3 /* Player */,
				6A337CD51E1D446800E120A3 /* BaseViewController.h */,
				6A337CD61E1D446800E120A3 /* BaseViewController.m */,
			);
			path = ViewController;
			sourceTree = "<group>";
		};
		6A337CB11E1D3F5A00E120A3 /* Login */ = {
			isa = PBXGroup;
			children = (
				6A44442D1E20925C00B63013 /* View */,
				6A337CCF1E1D411F00E120A3 /* LoginViewController.h */,
				6A337CD01E1D411F00E120A3 /* LoginViewController.m */,
			);
			path = Login;
			sourceTree = "<group>";
		};
		6A337CB21E1D3F7B00E120A3 /* Main */ = {
			isa = PBXGroup;
			children = (
				6A337CD91E1D460600E120A3 /* Home */,
				6A337CDA1E1D460600E120A3 /* Store */,
				6A337CD81E1D460600E120A3 /* Find */,
				6A337CDB1E1D460600E120A3 /* User */,
				6A337CCC1E1D40F800E120A3 /* MainViewController.h */,
				6A337CCD1E1D40F800E120A3 /* MainViewController.m */,
			);
			path = Main;
			sourceTree = "<group>";
		};
		6A337CB31E1D3F7B00E120A3 /* Player */ = {
			isa = PBXGroup;
			children = (
				6A7B985E1F1DD926000FD224 /* SVPlayerView.h */,
				6A7B985F1F1DD926000FD224 /* SVPlayerView.m */,
				6AF234E41F1F139E001F1379 /* SVPlayerViewController.h */,
				6AF234E51F1F139E001F1379 /* SVPlayerViewController.m */,
			);
			path = Player;
			sourceTree = "<group>";
		};
		6A337CD81E1D460600E120A3 /* Find */ = {
			isa = PBXGroup;
			children = (
				6A5677FE1E1D6CF30026739E /* ModuleViewController.h */,
				6A5677FF1E1D6CF30026739E /* ModuleViewController.m */,
			);
			path = Find;
			sourceTree = "<group>";
		};
		6A337CD91E1D460600E120A3 /* Home */ = {
			isa = PBXGroup;
			children = (
				6A4444591E20BBB700B63013 /* View */,
				6A5677F81E1D6CA70026739E /* HomeViewController.h */,
				6A5677F91E1D6CA70026739E /* HomeViewController.m */,
			);
			path = Home;
			sourceTree = "<group>";
		};
		6A337CDA1E1D460600E120A3 /* Store */ = {
			isa = PBXGroup;
			children = (
				6A5677FB1E1D6CDA0026739E /* StoreViewController.h */,
				6A5677FC1E1D6CDA0026739E /* StoreViewController.m */,
			);
			path = Store;
			sourceTree = "<group>";
		};
		6A337CDB1E1D460600E120A3 /* User */ = {
			isa = PBXGroup;
			children = (
				6A337CDD1E1D5D8F00E120A3 /* MeViewController.h */,
				6A337CDE1E1D5D8F00E120A3 /* MeViewController.m */,
			);
			path = User;
			sourceTree = "<group>";
		};
		6A337CF51E1D69B700E120A3 /* User */ = {
			isa = PBXGroup;
			children = (
				6A337CF61E1D69CC00E120A3 /* 4a@2x.png */,
				6A337CF71E1D69CC00E120A3 /* me_1@2x.png */,
				6A337CF81E1D69CC00E120A3 /* me_2@2x.png */,
				6A337CF91E1D69CC00E120A3 /* me_3@2x.png */,
				6A337CFA1E1D69CC00E120A3 /* me_4@2x.png */,
				6A337CFB1E1D69CC00E120A3 /* me_5@2x.png */,
				6A337CFC1E1D69CC00E120A3 /* me_6@2x.png */,
			);
			path = User;
			sourceTree = "<group>";
		};
		6A4444051E1FBF9E00B63013 /* UIViewExt */ = {
			isa = PBXGroup;
			children = (
				6A4444061E1FBF9E00B63013 /* UIViewExt.h */,
				6A4444071E1FBF9E00B63013 /* UIViewExt.m */,
			);
			path = UIViewExt;
			sourceTree = "<group>";
		};
		6A44441E1E20920700B63013 /* Login */ = {
			isa = PBXGroup;
			children = (
				6A44441F1E20922500B63013 /* bg.jpeg */,
				6A4444201E20922500B63013 /* icon_hand.png */,
				6A4444211E20922500B63013 /* iconfont-password.png */,
				6A4444221E20922500B63013 /* iconfont-user.png */,
				6A4444231E20922500B63013 /* owl-login-arm-left@2x.png */,
				6A4444241E20922500B63013 /* owl-login-arm-right@2x.png */,
				6A4444251E20922500B63013 /* owl-login@2x.png */,
			);
			path = Login;
			sourceTree = "<group>";
		};
		6A44442D1E20925C00B63013 /* View */ = {
			isa = PBXGroup;
			children = (
				6A44442E1E20929E00B63013 /* LoginView.h */,
				6A44442F1E20929E00B63013 /* LoginView.m */,
			);
			path = View;
			sourceTree = "<group>";
		};
		6A4444491E20AC3100B63013 /* SVProgressHUD */ = {
			isa = PBXGroup;
			children = (
				6A44444A1E20AC3100B63013 /* SVIndefiniteAnimatedView.h */,
				6A44444B1E20AC3100B63013 /* SVIndefiniteAnimatedView.m */,
				6A44444C1E20AC3100B63013 /* SVProgressAnimatedView.h */,
				6A44444D1E20AC3100B63013 /* SVProgressAnimatedView.m */,
				6A44444E1E20AC3100B63013 /* SVProgressHUD-Prefix.pch */,
				6A44444F1E20AC3100B63013 /* SVProgressHUD.bundle */,
				6A4444501E20AC3100B63013 /* SVProgressHUD.h */,
				6A4444511E20AC3100B63013 /* SVProgressHUD.m */,
				6A4444521E20AC3100B63013 /* SVRadialGradientLayer.h */,
				6A4444531E20AC3100B63013 /* SVRadialGradientLayer.m */,
			);
			path = SVProgressHUD;
			sourceTree = "<group>";
		};
		6A4444591E20BBB700B63013 /* View */ = {
			isa = PBXGroup;
			children = (
				6A44445A1E20BBEB00B63013 /* HomeActionView.h */,
				6A44445B1E20BBEB00B63013 /* HomeActionView.m */,
			);
			path = View;
			sourceTree = "<group>";
		};
		6AAA61A31E1CBDAF00ADEBFF = {
			isa = PBXGroup;
			children = (
				6A337CB01E1D3F3200E120A3 /* ViewController */,
				6A337CA31E1D3D2300E120A3 /* Models */,
				6AAA61C91E1CC3D300ADEBFF /* Lib */,
				6AAA61CA1E1CC3D300ADEBFF /* Resources */,
				6AAA61AE1E1CBDAF00ADEBFF /* qingsongshi */,
				6AAA62141E1CC51600ADEBFF /* Frameworks */,
				6AAA61AD1E1CBDAF00ADEBFF /* Products */,
				3B76578BE65D73FCA8B4E436 /* Pods */,
			);
			sourceTree = "<group>";
		};
		6AAA61AD1E1CBDAF00ADEBFF /* Products */ = {
			isa = PBXGroup;
			children = (
				6AAA61AC1E1CBDAF00ADEBFF /* qingsongshi.app */,
			);
			name = Products;
			sourceTree = "<group>";
		};
		6AAA61AE1E1CBDAF00ADEBFF /* qingsongshi */ = {
			isa = PBXGroup;
			children = (
				6AAA61B21E1CBDAF00ADEBFF /* AppDelegate.h */,
				6AAA61B31E1CBDAF00ADEBFF /* AppDelegate.m */,
				6A4444311E209F1700B63013 /* RootViewController.h */,
				6A4444321E209F1700B63013 /* RootViewController.m */,
				6AAA61BE1E1CBDAF00ADEBFF /* Assets.xcassets */,
				6AAA61C01E1CBDAF00ADEBFF /* LaunchScreen.storyboard */,
				6A337CDC1E1D55CA00E120A3 /* Application.pch */,
				6AAA61C31E1CBDAF00ADEBFF /* Info.plist */,
				6AAA61AF1E1CBDAF00ADEBFF /* Supporting Files */,
				6A5678161E1D715A0026739E /* ModuleConfig.plist */,
			);
			path = qingsongshi;
			sourceTree = "<group>";
		};
		6AAA61AF1E1CBDAF00ADEBFF /* Supporting Files */ = {
			isa = PBXGroup;
			children = (
				6AAA61B01E1CBDAF00ADEBFF /* main.m */,
			);
			name = "Supporting Files";
			sourceTree = "<group>";
		};
		6AAA61C91E1CC3D300ADEBFF /* Lib */ = {
			isa = PBXGroup;
			children = (
				6A4444491E20AC3100B63013 /* SVProgressHUD */,
				6A4444051E1FBF9E00B63013 /* UIViewExt */,
				6AB37CE91E1F378000ABF883 /* UIScrollView+Extension */,
				6A337C8F1E1D3CAC00E120A3 /* AFNetworking */,
				6A337C581E1D3B5800E120A3 /* SDWebImage */,
				6AAA62171E1CC54800ADEBFF /* FistLetter */,
				6AAA620B1E1CC48700ADEBFF /* MBProgressHUD */,
				6AAA61CB1E1CC46500ADEBFF /* MJRefresh */,
			);
			path = Lib;
			sourceTree = "<group>";
		};
		6AAA61CA1E1CC3D300ADEBFF /* Resources */ = {
			isa = PBXGroup;
			children = (
				6AAA623C1E1CCEE400ADEBFF /* images */,
				6AAA62401E1CD6BD00ADEBFF /* Login.storyboard */,
				6AAA62381E1CCE7B00ADEBFF /* Main.storyboard */,
				6AAA623A1E1CCECA00ADEBFF /* LaunchActive.storyboard */,
				6AAA623E1E1CD2F300ADEBFF /* Player.storyboard */,
			);
			path = Resources;
			sourceTree = "<group>";
		};
		6AAA61CB1E1CC46500ADEBFF /* MJRefresh */ = {
			isa = PBXGroup;
			children = (
				6AAA61CC1E1CC46500ADEBFF /* Base */,
				6AAA61D71E1CC46500ADEBFF /* Custom */,
				6AAA61EE1E1CC46500ADEBFF /* MJRefresh.bundle */,
				6AAA61EF1E1CC46500ADEBFF /* MJRefresh.h */,
				6AAA61F01E1CC46500ADEBFF /* MJRefreshConst.h */,
				6AAA61F11E1CC46500ADEBFF /* MJRefreshConst.m */,
				6AAA61F21E1CC46500ADEBFF /* UIScrollView+MJExtension.h */,
				6AAA61F31E1CC46500ADEBFF /* UIScrollView+MJExtension.m */,
				6AAA61F41E1CC46500ADEBFF /* UIScrollView+MJRefresh.h */,
				6AAA61F51E1CC46500ADEBFF /* UIScrollView+MJRefresh.m */,
				6AAA61F61E1CC46500ADEBFF /* UIView+MJExtension.h */,
				6AAA61F71E1CC46500ADEBFF /* UIView+MJExtension.m */,
			);
			path = MJRefresh;
			sourceTree = "<group>";
		};
		6AAA61CC1E1CC46500ADEBFF /* Base */ = {
			isa = PBXGroup;
			children = (
				6AAA61CD1E1CC46500ADEBFF /* MJRefreshAutoFooter.h */,
				6AAA61CE1E1CC46500ADEBFF /* MJRefreshAutoFooter.m */,
				6AAA61CF1E1CC46500ADEBFF /* MJRefreshBackFooter.h */,
				6AAA61D01E1CC46500ADEBFF /* MJRefreshBackFooter.m */,
				6AAA61D11E1CC46500ADEBFF /* MJRefreshComponent.h */,
				6AAA61D21E1CC46500ADEBFF /* MJRefreshComponent.m */,
				6AAA61D31E1CC46500ADEBFF /* MJRefreshFooter.h */,
				6AAA61D41E1CC46500ADEBFF /* MJRefreshFooter.m */,
				6AAA61D51E1CC46500ADEBFF /* MJRefreshHeader.h */,
				6AAA61D61E1CC46500ADEBFF /* MJRefreshHeader.m */,
			);
			path = Base;
			sourceTree = "<group>";
		};
		6AAA61D71E1CC46500ADEBFF /* Custom */ = {
			isa = PBXGroup;
			children = (
				6AAA61D81E1CC46500ADEBFF /* Footer */,
				6AAA61E71E1CC46500ADEBFF /* Header */,
			);
			path = Custom;
			sourceTree = "<group>";
		};
		6AAA61D81E1CC46500ADEBFF /* Footer */ = {
			isa = PBXGroup;
			children = (
				6AAA61D91E1CC46500ADEBFF /* Auto */,
				6AAA61E01E1CC46500ADEBFF /* Back */,
			);
			path = Footer;
			sourceTree = "<group>";
		};
		6AAA61D91E1CC46500ADEBFF /* Auto */ = {
			isa = PBXGroup;
			children = (
				6AAA61DA1E1CC46500ADEBFF /* MJRefreshAutoGifFooter.h */,
				6AAA61DB1E1CC46500ADEBFF /* MJRefreshAutoGifFooter.m */,
				6AAA61DC1E1CC46500ADEBFF /* MJRefreshAutoNormalFooter.h */,
				6AAA61DD1E1CC46500ADEBFF /* MJRefreshAutoNormalFooter.m */,
				6AAA61DE1E1CC46500ADEBFF /* MJRefreshAutoStateFooter.h */,
				6AAA61DF1E1CC46500ADEBFF /* MJRefreshAutoStateFooter.m */,
			);
			path = Auto;
			sourceTree = "<group>";
		};
		6AAA61E01E1CC46500ADEBFF /* Back */ = {
			isa = PBXGroup;
			children = (
				6AAA61E11E1CC46500ADEBFF /* MJRefreshBackGifFooter.h */,
				6AAA61E21E1CC46500ADEBFF /* MJRefreshBackGifFooter.m */,
				6AAA61E31E1CC46500ADEBFF /* MJRefreshBackNormalFooter.h */,
				6AAA61E41E1CC46500ADEBFF /* MJRefreshBackNormalFooter.m */,
				6AAA61E51E1CC46500ADEBFF /* MJRefreshBackStateFooter.h */,
				6AAA61E61E1CC46500ADEBFF /* MJRefreshBackStateFooter.m */,
			);
			path = Back;
			sourceTree = "<group>";
		};
		6AAA61E71E1CC46500ADEBFF /* Header */ = {
			isa = PBXGroup;
			children = (
				6AAA61E81E1CC46500ADEBFF /* MJRefreshGifHeader.h */,
				6AAA61E91E1CC46500ADEBFF /* MJRefreshGifHeader.m */,
				6AAA61EA1E1CC46500ADEBFF /* MJRefreshNormalHeader.h */,
				6AAA61EB1E1CC46500ADEBFF /* MJRefreshNormalHeader.m */,
				6AAA61EC1E1CC46500ADEBFF /* MJRefreshStateHeader.h */,
				6AAA61ED1E1CC46500ADEBFF /* MJRefreshStateHeader.m */,
			);
			path = Header;
			sourceTree = "<group>";
		};
		6AAA620B1E1CC48700ADEBFF /* MBProgressHUD */ = {
			isa = PBXGroup;
			children = (
				6AAA620F1E1CC49B00ADEBFF /* MBProgressHUD.h */,
				6AAA620D1E1CC49000ADEBFF /* MBProgressHUD.m */,
			);
			path = MBProgressHUD;
			sourceTree = "<group>";
		};
		6AAA62141E1CC51600ADEBFF /* Frameworks */ = {
			isa = PBXGroup;
			children = (
				6AF235C11F1F3FA6001F1379 /* libresolv.tbd */,
				6A7B98871F1DE1DC000FD224 /* MediaPlayer.framework */,
				6A7B98851F1DE1BB000FD224 /* Accelerate.framework */,
				6A7B98831F1DE1AE000FD224 /* OpenGLES.framework */,
				6A7B98811F1DE15E000FD224 /* libbz2.tbd */,
				6A7B987F1F1DE14A000FD224 /* libc++.tbd */,
				6A7B987D1F1DE13D000FD224 /* libiconv.tbd */,
				6AB37CED1E1F38FC00ABF883 /* AVKit.framework */,
				6AD37CF31E1DEDD00012B37A /* AVFoundation.framework */,
				6AD37CF11E1DEDC40012B37A /* AudioToolbox.framework */,
				6AD37CEF1E1DEDBC0012B37A /* CoreMedia.framework */,
				6AD37CED1E1DEDAB0012B37A /* VideoToolbox.framework */,
				6AD37CEB1E1DED9A0012B37A /* libz.tbd */,
				6A337C8D1E1D3BF900E120A3 /* ImageIO.framework */,
				6AAA62151E1CC52300ADEBFF /* CoreGraphics.framework */,
				9CACC3C3F11BF97F7D07B89B /* Pods_qingsongshi.framework */,
			);
			path = Frameworks;
			sourceTree = "<group>";
		};
		6AAA62171E1CC54800ADEBFF /* FistLetter */ = {
			isa = PBXGroup;
			children = (
				6AAA62181E1CC54800ADEBFF /* NSArray+FirstLetterArray.h */,
				6AAA62191E1CC54800ADEBFF /* NSArray+FirstLetterArray.m */,
				6AAA621A1E1CC54800ADEBFF /* NSString+FirstLetter.h */,
				6AAA621B1E1CC54800ADEBFF /* NSString+FirstLetter.m */,
				6AAA621C1E1CC54800ADEBFF /* pinyin.h */,
				6AAA621D1E1CC54800ADEBFF /* pinyin.m */,
			);
			path = FistLetter;
			sourceTree = "<group>";
		};
		6AAA623C1E1CCEE400ADEBFF /* images */ = {
			isa = PBXGroup;
			children = (
				6AF234E71F1F16F6001F1379 /* Player */,
				6A44441E1E20920700B63013 /* Login */,
				6A337CF51E1D69B700E120A3 /* User */,
				6A337C4D1E1D361000E120A3 /* TabBar */,
				6AAA62421E1CD7E400ADEBFF /* AppIcon.png */,
			);
			path = images;
			sourceTree = "<group>";
		};
		6AB37CE91E1F378000ABF883 /* UIScrollView+Extension */ = {
			isa = PBXGroup;
			children = (
				6AB37CEA1E1F378000ABF883 /* UIScrollView+Extension.h */,
				6AB37CEB1E1F378000ABF883 /* UIScrollView+Extension.m */,
			);
			path = "UIScrollView+Extension";
			sourceTree = "<group>";
		};
		6AF234E71F1F16F6001F1379 /* Player */ = {
			isa = PBXGroup;
			children = (
				6AF235261F1F1A20001F1379 /* player_tool_cam@2x.png */,
				6AF235011F1F18F7001F1379 /* player_voice@2x.png */,
				6AF235021F1F18F7001F1379 /* player_mute@2x.png */,
				6AF235031F1F18F7001F1379 /* player_full@2x.png */,
				6AF235041F1F18F7001F1379 /* player_normal@2x.png */,
				6AF235051F1F18F7001F1379 /* player_stop@2x.png */,
				6AF235061F1F18F7001F1379 /* player_playing@2x.png */,
			);
			path = Player;
			sourceTree = "<group>";
		};
/* End PBXGroup section */

/* Begin PBXNativeTarget section */
		6AAA61AB1E1CBDAF00ADEBFF /* qingsongshi */ = {
			isa = PBXNativeTarget;
			buildConfigurationList = 6AAA61C61E1CBDAF00ADEBFF /* Build configuration list for PBXNativeTarget "qingsongshi" */;
			buildPhases = (
				0C5D47F4FC8FA42759EB9BCD /* [CP] Check Pods Manifest.lock */,
				6AAA61A81E1CBDAF00ADEBFF /* Sources */,
				6AAA61A91E1CBDAF00ADEBFF /* Frameworks */,
				6AAA61AA1E1CBDAF00ADEBFF /* Resources */,
				9113BB935C0A9D9EC933EB28 /* [CP] Embed Pods Frameworks */,
				D9FB805375B4762C4890C1F9 /* [CP] Copy Pods Resources */,
			);
			buildRules = (
			);
			dependencies = (
			);
			name = qingsongshi;
			productName = qingsongshi;
			productReference = 6AAA61AC1E1CBDAF00ADEBFF /* qingsongshi.app */;
			productType = "com.apple.product-type.application";
		};
/* End PBXNativeTarget section */

/* Begin PBXProject section */
		6AAA61A41E1CBDAF00ADEBFF /* Project object */ = {
			isa = PBXProject;
			attributes = {
				CLASSPREFIX = SV;
				LastUpgradeCheck = 0820;
				ORGANIZATIONNAME = zhengfeng;
				TargetAttributes = {
					6AAA61AB1E1CBDAF00ADEBFF = {
						CreatedOnToolsVersion = 8.0;
						DevelopmentTeam = GVH7JZXR3Q;
						LastSwiftMigration = 0830;
						ProvisioningStyle = Automatic;
					};
				};
			};
			buildConfigurationList = 6AAA61A71E1CBDAF00ADEBFF /* Build configuration list for PBXProject "qingsongshi" */;
			compatibilityVersion = "Xcode 3.2";
			developmentRegion = English;
			hasScannedForEncodings = 0;
			knownRegions = (
				en,
				Base,
			);
			mainGroup = 6AAA61A31E1CBDAF00ADEBFF;
			productRefGroup = 6AAA61AD1E1CBDAF00ADEBFF /* Products */;
			projectDirPath = "";
			projectRoot = "";
			targets = (
				6AAA61AB1E1CBDAF00ADEBFF /* qingsongshi */,
			);
		};
/* End PBXProject section */

/* Begin PBXResourcesBuildPhase section */
		6AAA61AA1E1CBDAF00ADEBFF /* Resources */ = {
			isa = PBXResourcesBuildPhase;
			buildActionMask = 2147483647;
			files = (
				6A4444281E20922500B63013 /* iconfont-password.png in Resources */,
				6A337C531E1D361B00E120A3 /* store@2x.png in Resources */,
				6AAA62431E1CD7E400ADEBFF /* AppIcon.png in Resources */,
				6A4444271E20922500B63013 /* icon_hand.png in Resources */,
				6A337D011E1D69CC00E120A3 /* me_4@2x.png in Resources */,
				6A4444561E20AC3100B63013 /* SVProgressHUD.bundle in Resources */,
				6AAA61C21E1CBDAF00ADEBFF /* LaunchScreen.storyboard in Resources */,
				6A4444261E20922500B63013 /* bg.jpeg in Resources */,
				6AAA623F1E1CD2F300ADEBFF /* Player.storyboard in Resources */,
				6A337C551E1D361B00E120A3 /* dong@2x.png in Resources */,
				6AF2350A1F1F18F7001F1379 /* player_normal@2x.png in Resources */,
				6A337D031E1D69CC00E120A3 /* me_6@2x.png in Resources */,
				6AAA62411E1CD6BD00ADEBFF /* Login.storyboard in Resources */,
				6A5678171E1D715A0026739E /* ModuleConfig.plist in Resources */,
				6AAA61BF1E1CBDAF00ADEBFF /* Assets.xcassets in Resources */,
				6AF235091F1F18F7001F1379 /* player_full@2x.png in Resources */,
				6A337C571E1D36E800E120A3 /* tabbarBg@2x.png in Resources */,
				6A4444291E20922500B63013 /* iconfont-user.png in Resources */,
				6AAA62061E1CC46500ADEBFF /* MJRefresh.bundle in Resources */,
				6A44442B1E20922500B63013 /* owl-login-arm-right@2x.png in Resources */,
				6A337C521E1D361B00E120A3 /* user@2x.png in Resources */,
				6AAA623B1E1CCECA00ADEBFF /* LaunchActive.storyboard in Resources */,
				6AF235081F1F18F7001F1379 /* player_mute@2x.png in Resources */,
				6AF235071F1F18F7001F1379 /* player_voice@2x.png in Resources */,
				6A337D021E1D69CC00E120A3 /* me_5@2x.png in Resources */,
				6AF235271F1F1A20001F1379 /* player_tool_cam@2x.png in Resources */,
				6AF2350B1F1F18F7001F1379 /* player_stop@2x.png in Resources */,
				6A337CFE1E1D69CC00E120A3 /* me_1@2x.png in Resources */,
				6A44442C1E20922500B63013 /* owl-login@2x.png in Resources */,
				6A337D001E1D69CC00E120A3 /* me_3@2x.png in Resources */,
				6AAA62391E1CCE7B00ADEBFF /* Main.storyboard in Resources */,
				6A337CFD1E1D69CC00E120A3 /* 4a@2x.png in Resources */,
				6AF2350C1F1F18F7001F1379 /* player_playing@2x.png in Resources */,
				6A337CFF1E1D69CC00E120A3 /* me_2@2x.png in Resources */,
				6A337C541E1D361B00E120A3 /* find@2x.png in Resources */,
				6A44442A1E20922500B63013 /* owl-login-arm-left@2x.png in Resources */,
			);
			runOnlyForDeploymentPostprocessing = 0;
		};
/* End PBXResourcesBuildPhase section */

/* Begin PBXShellScriptBuildPhase section */
		0C5D47F4FC8FA42759EB9BCD /* [CP] Check Pods Manifest.lock */ = {
			isa = PBXShellScriptBuildPhase;
			buildActionMask = 2147483647;
			files = (
			);
			inputPaths = (
				"${PODS_PODFILE_DIR_PATH}/Podfile.lock",
				"${PODS_ROOT}/Manifest.lock",
			);
			name = "[CP] Check Pods Manifest.lock";
			outputPaths = (
				"$(DERIVED_FILE_DIR)/Pods-qingsongshi-checkManifestLockResult.txt",
			);
			runOnlyForDeploymentPostprocessing = 0;
			shellPath = /bin/sh;
			shellScript = "diff \"${PODS_PODFILE_DIR_PATH}/Podfile.lock\" \"${PODS_ROOT}/Manifest.lock\" > /dev/null\nif [ $? != 0 ] ; then\n    # print error to STDERR\n    echo \"error: The sandbox is not in sync with the Podfile.lock. Run 'pod install' or update your CocoaPods installation.\" >&2\n    exit 1\nfi\n# This output is used by Xcode 'outputs' to avoid re-running this script phase.\necho \"SUCCESS\" > \"${SCRIPT_OUTPUT_FILE_0}\"\n";
			showEnvVarsInLog = 0;
		};
		9113BB935C0A9D9EC933EB28 /* [CP] Embed Pods Frameworks */ = {
			isa = PBXShellScriptBuildPhase;
			buildActionMask = 2147483647;
			files = (
			);
			inputPaths = (
				"${SRCROOT}/Pods/Target Support Files/Pods-qingsongshi/Pods-qingsongshi-frameworks.sh",
				"${BUILT_PRODUCTS_DIR}/HappyDNS/HappyDNS.framework",
				"${BUILT_PRODUCTS_DIR}/Socket.IO-Client-Swift/SocketIO.framework",
			);
			name = "[CP] Embed Pods Frameworks";
			outputPaths = (
				"${TARGET_BUILD_DIR}/${FRAMEWORKS_FOLDER_PATH}/HappyDNS.framework",
				"${TARGET_BUILD_DIR}/${FRAMEWORKS_FOLDER_PATH}/SocketIO.framework",
			);
			runOnlyForDeploymentPostprocessing = 0;
			shellPath = /bin/sh;
			shellScript = "\"${SRCROOT}/Pods/Target Support Files/Pods-qingsongshi/Pods-qingsongshi-frameworks.sh\"\n";
			showEnvVarsInLog = 0;
		};
		D9FB805375B4762C4890C1F9 /* [CP] Copy Pods Resources */ = {
			isa = PBXShellScriptBuildPhase;
			buildActionMask = 2147483647;
			files = (
			);
			inputPaths = (
			);
			name = "[CP] Copy Pods Resources";
			outputPaths = (
			);
			runOnlyForDeploymentPostprocessing = 0;
			shellPath = /bin/sh;
			shellScript = "\"${SRCROOT}/Pods/Target Support Files/Pods-qingsongshi/Pods-qingsongshi-resources.sh\"\n";
			showEnvVarsInLog = 0;
		};
/* End PBXShellScriptBuildPhase section */

/* Begin PBXSourcesBuildPhase section */
		6AAA61A81E1CBDAF00ADEBFF /* Sources */ = {
			isa = PBXSourcesBuildPhase;
			buildActionMask = 2147483647;
			files = (
				6AAA61FE1E1CC46500ADEBFF /* MJRefreshAutoNormalFooter.m in Sources */,
				6A44445C1E20BBEB00B63013 /* HomeActionView.m in Sources */,
				6A337C8C1E1D3B7200E120A3 /* UIView+WebCacheOperation.m in Sources */,
				6AAA62011E1CC46500ADEBFF /* MJRefreshBackNormalFooter.m in Sources */,
				6AAA620E1E1CC49000ADEBFF /* MBProgressHUD.m in Sources */,
				6A337C7F1E1D3B7200E120A3 /* SDImageCacheConfig.m in Sources */,
				6AAA61F91E1CC46500ADEBFF /* MJRefreshBackFooter.m in Sources */,
				6AAA62071E1CC46500ADEBFF /* MJRefreshConst.m in Sources */,
				6AAA621F1E1CC54800ADEBFF /* NSString+FirstLetter.m in Sources */,
				6A337C861E1D3B7200E120A3 /* UIButton+WebCache.m in Sources */,
				6A337C851E1D3B7200E120A3 /* SDWebImagePrefetcher.m in Sources */,
				6A4444081E1FBF9E00B63013 /* UIViewExt.m in Sources */,
				6AAA62081E1CC46500ADEBFF /* UIScrollView+MJExtension.m in Sources */,
				6AAA61FB1E1CC46500ADEBFF /* MJRefreshFooter.m in Sources */,
				6A337C9E1E1D3CAC00E120A3 /* AFNetworkReachabilityManager.m in Sources */,
				6AAA62031E1CC46500ADEBFF /* MJRefreshGifHeader.m in Sources */,
				6AAA61F81E1CC46500ADEBFF /* MJRefreshAutoFooter.m in Sources */,
				6A337C7E1E1D3B7200E120A3 /* SDImageCache.m in Sources */,
				6A4444571E20AC3100B63013 /* SVProgressHUD.m in Sources */,
				6AE060661F1DAA15003829F5 /* ZFDefaultHandle.m in Sources */,
				6A337C8A1E1D3B7200E120A3 /* UIImageView+WebCache.m in Sources */,
				6A4444331E209F1700B63013 /* RootViewController.m in Sources */,
				6A5677FA1E1D6CA70026739E /* HomeViewController.m in Sources */,
				6A337C841E1D3B7200E120A3 /* SDWebImageManager.m in Sources */,
				6A337CA61E1D3D8700E120A3 /* BaseModel.m in Sources */,
				6A5678001E1D6CF30026739E /* ModuleViewController.m in Sources */,
				6AAA61B41E1CBDAF00ADEBFF /* AppDelegate.m in Sources */,
				6AAA620A1E1CC46500ADEBFF /* UIView+MJExtension.m in Sources */,
				6A337C9F1E1D3CAC00E120A3 /* AFSecurityPolicy.m in Sources */,
				6AAA61FC1E1CC46500ADEBFF /* MJRefreshHeader.m in Sources */,
				6A337CA11E1D3CAC00E120A3 /* AFURLResponseSerialization.m in Sources */,
				6A337C871E1D3B7200E120A3 /* UIImage+GIF.m in Sources */,
				6AAA62001E1CC46500ADEBFF /* MJRefreshBackGifFooter.m in Sources */,
				6A337CD11E1D411F00E120A3 /* LoginViewController.m in Sources */,
				6A4444301E20929E00B63013 /* LoginView.m in Sources */,
				6A337C891E1D3B7200E120A3 /* UIImageView+HighlightedWebCache.m in Sources */,
				6AAA62091E1CC46500ADEBFF /* UIScrollView+MJRefresh.m in Sources */,
				6A5677FD1E1D6CDA0026739E /* StoreViewController.m in Sources */,
				6A4444551E20AC3100B63013 /* SVProgressAnimatedView.m in Sources */,
				6AAA621E1E1CC54800ADEBFF /* NSArray+FirstLetterArray.m in Sources */,
				6A337CDF1E1D5D8F00E120A3 /* MeViewController.m in Sources */,
				6A337CA01E1D3CAC00E120A3 /* AFURLRequestSerialization.m in Sources */,
				6A337CAF1E1D3E0E00E120A3 /* Device.m in Sources */,
				6A337C881E1D3B7200E120A3 /* UIImage+MultiFormat.m in Sources */,
				6A4444541E20AC3100B63013 /* SVIndefiniteAnimatedView.m in Sources */,
				6A337C831E1D3B7200E120A3 /* SDWebImageDownloaderOperation.m in Sources */,
				6A337C8B1E1D3B7200E120A3 /* UIView+WebCache.m in Sources */,
				6A337CAC1E1D3DEB00E120A3 /* Store.m in Sources */,
				6AAA61FA1E1CC46500ADEBFF /* MJRefreshComponent.m in Sources */,
				6AAA61FF1E1CC46500ADEBFF /* MJRefreshAutoStateFooter.m in Sources */,
				6A337C7D1E1D3B7200E120A3 /* NSImage+WebCache.m in Sources */,
				6A337CA91E1D3DD500E120A3 /* User.m in Sources */,
				6AAA62041E1CC46500ADEBFF /* MJRefreshNormalHeader.m in Sources */,
				6A7B98601F1DD926000FD224 /* SVPlayerView.m in Sources */,
				6AB37CEC1E1F378000ABF883 /* UIScrollView+Extension.m in Sources */,
				6A337C811E1D3B7200E120A3 /* SDWebImageDecoder.m in Sources */,
				6A337C9D1E1D3CAC00E120A3 /* AFHTTPSessionManager.m in Sources */,
				6A337C801E1D3B7200E120A3 /* SDWebImageCompat.m in Sources */,
				6A337CCE1E1D40F800E120A3 /* MainViewController.m in Sources */,
				6A337CD71E1D446800E120A3 /* BaseViewController.m in Sources */,
				6A337CA21E1D3CAC00E120A3 /* AFURLSessionManager.m in Sources */,
				6AAA62201E1CC54800ADEBFF /* pinyin.m in Sources */,
				6A337C7C1E1D3B7200E120A3 /* NSData+ImageContentType.m in Sources */,
				6A337C821E1D3B7200E120A3 /* SDWebImageDownloader.m in Sources */,
				6A4444581E20AC3100B63013 /* SVRadialGradientLayer.m in Sources */,
				6AAA62051E1CC46500ADEBFF /* MJRefreshStateHeader.m in Sources */,
				6AF234E61F1F139E001F1379 /* SVPlayerViewController.m in Sources */,
				6AAA62021E1CC46500ADEBFF /* MJRefreshBackStateFooter.m in Sources */,
				6AAA61FD1E1CC46500ADEBFF /* MJRefreshAutoGifFooter.m in Sources */,
				6AAA61B11E1CBDAF00ADEBFF /* main.m in Sources */,
			);
			runOnlyForDeploymentPostprocessing = 0;
		};
/* End PBXSourcesBuildPhase section */

/* Begin PBXVariantGroup section */
		6AAA61C01E1CBDAF00ADEBFF /* LaunchScreen.storyboard */ = {
			isa = PBXVariantGroup;
			children = (
				6AAA61C11E1CBDAF00ADEBFF /* Base */,
			);
			name = LaunchScreen.storyboard;
			sourceTree = "<group>";
		};
/* End PBXVariantGroup section */

/* Begin XCBuildConfiguration section */
		6AAA61C41E1CBDAF00ADEBFF /* Debug */ = {
			isa = XCBuildConfiguration;
			buildSettings = {
				ALWAYS_SEARCH_USER_PATHS = NO;
				CLANG_ANALYZER_NONNULL = YES;
				CLANG_CXX_LANGUAGE_STANDARD = "gnu++0x";
				CLANG_CXX_LIBRARY = "libc++";
				CLANG_ENABLE_MODULES = YES;
				CLANG_ENABLE_OBJC_ARC = YES;
				CLANG_WARN_BOOL_CONVERSION = YES;
				CLANG_WARN_CONSTANT_CONVERSION = YES;
				CLANG_WARN_DIRECT_OBJC_ISA_USAGE = YES_ERROR;
				CLANG_WARN_DOCUMENTATION_COMMENTS = YES;
				CLANG_WARN_EMPTY_BODY = YES;
				CLANG_WARN_ENUM_CONVERSION = YES;
				CLANG_WARN_INFINITE_RECURSION = YES;
				CLANG_WARN_INT_CONVERSION = YES;
				CLANG_WARN_OBJC_ROOT_CLASS = YES_ERROR;
				CLANG_WARN_SUSPICIOUS_MOVE = YES;
				CLANG_WARN_SUSPICIOUS_MOVES = YES;
				CLANG_WARN_UNREACHABLE_CODE = YES;
				CLANG_WARN__DUPLICATE_METHOD_MATCH = YES;
				"CODE_SIGN_IDENTITY[sdk=iphoneos*]" = "iPhone Developer";
				COPY_PHASE_STRIP = NO;
				DEBUG_INFORMATION_FORMAT = dwarf;
				ENABLE_STRICT_OBJC_MSGSEND = YES;
				ENABLE_TESTABILITY = YES;
				GCC_C_LANGUAGE_STANDARD = gnu99;
				GCC_DYNAMIC_NO_PIC = NO;
				GCC_NO_COMMON_BLOCKS = YES;
				GCC_OPTIMIZATION_LEVEL = 0;
				GCC_PREPROCESSOR_DEFINITIONS = (
					"DEBUG=1",
					"$(inherited)",
				);
				GCC_WARN_64_TO_32_BIT_CONVERSION = YES;
				GCC_WARN_ABOUT_RETURN_TYPE = YES_ERROR;
				GCC_WARN_UNDECLARED_SELECTOR = YES;
				GCC_WARN_UNINITIALIZED_AUTOS = YES_AGGRESSIVE;
				GCC_WARN_UNUSED_FUNCTION = YES;
				GCC_WARN_UNUSED_VARIABLE = YES;
				IPHONEOS_DEPLOYMENT_TARGET = 10.0;
				MTL_ENABLE_DEBUG_INFO = YES;
				ONLY_ACTIVE_ARCH = YES;
				OTHER_LDFLAGS = "-ObjC";
				SDKROOT = iphoneos;
				TARGETED_DEVICE_FAMILY = "1,2";
			};
			name = Debug;
		};
		6AAA61C51E1CBDAF00ADEBFF /* Release */ = {
			isa = XCBuildConfiguration;
			buildSettings = {
				ALWAYS_SEARCH_USER_PATHS = NO;
				CLANG_ANALYZER_NONNULL = YES;
				CLANG_CXX_LANGUAGE_STANDARD = "gnu++0x";
				CLANG_CXX_LIBRARY = "libc++";
				CLANG_ENABLE_MODULES = YES;
				CLANG_ENABLE_OBJC_ARC = YES;
				CLANG_WARN_BOOL_CONVERSION = YES;
				CLANG_WARN_CONSTANT_CONVERSION = YES;
				CLANG_WARN_DIRECT_OBJC_ISA_USAGE = YES_ERROR;
				CLANG_WARN_DOCUMENTATION_COMMENTS = YES;
				CLANG_WARN_EMPTY_BODY = YES;
				CLANG_WARN_ENUM_CONVERSION = YES;
				CLANG_WARN_INFINITE_RECURSION = YES;
				CLANG_WARN_INT_CONVERSION = YES;
				CLANG_WARN_OBJC_ROOT_CLASS = YES_ERROR;
				CLANG_WARN_SUSPICIOUS_MOVE = YES;
				CLANG_WARN_SUSPICIOUS_MOVES = YES;
				CLANG_WARN_UNREACHABLE_CODE = YES;
				CLANG_WARN__DUPLICATE_METHOD_MATCH = YES;
				"CODE_SIGN_IDENTITY[sdk=iphoneos*]" = "iPhone Developer";
				COPY_PHASE_STRIP = NO;
				DEBUG_INFORMATION_FORMAT = "dwarf-with-dsym";
				ENABLE_NS_ASSERTIONS = NO;
				ENABLE_STRICT_OBJC_MSGSEND = YES;
				GCC_C_LANGUAGE_STANDARD = gnu99;
				GCC_NO_COMMON_BLOCKS = YES;
				GCC_WARN_64_TO_32_BIT_CONVERSION = YES;
				GCC_WARN_ABOUT_RETURN_TYPE = YES_ERROR;
				GCC_WARN_UNDECLARED_SELECTOR = YES;
				GCC_WARN_UNINITIALIZED_AUTOS = YES_AGGRESSIVE;
				GCC_WARN_UNUSED_FUNCTION = YES;
				GCC_WARN_UNUSED_VARIABLE = YES;
				IPHONEOS_DEPLOYMENT_TARGET = 10.0;
				MTL_ENABLE_DEBUG_INFO = NO;
				OTHER_LDFLAGS = "-ObjC";
				SDKROOT = iphoneos;
				TARGETED_DEVICE_FAMILY = "1,2";
				VALIDATE_PRODUCT = YES;
			};
			name = Release;
		};
		6AAA61C71E1CBDAF00ADEBFF /* Debug */ = {
			isa = XCBuildConfiguration;
			baseConfigurationReference = 39E16FE1CA8CF1EF8EC2F057 /* Pods-qingsongshi.debug.xcconfig */;
			buildSettings = {
				ASSETCATALOG_COMPILER_APPICON_NAME = AppIcon;
				CLANG_ENABLE_MODULES = YES;
				DEFINES_MODULE = YES;
				DEVELOPMENT_TEAM = GVH7JZXR3Q;
				ENABLE_BITCODE = YES;
				GCC_PRECOMPILE_PREFIX_HEADER = YES;
				GCC_PREFIX_HEADER = qingsongshi/Application.pch;
				INFOPLIST_FILE = qingsongshi/Info.plist;
				IPHONEOS_DEPLOYMENT_TARGET = 8.0;
				LD_RUNPATH_SEARCH_PATHS = "$(inherited) @executable_path/Frameworks";
				LIBRARY_SEARCH_PATHS = (
					"$(inherited)",
					"$(PROJECT_DIR)/Lib/Player",
					"$(PROJECT_DIR)/Lib/PLPlayerKit/Library/lib",
				);
				PRODUCT_BUNDLE_IDENTIFIER = com.sh.qingsongshi;
				PRODUCT_NAME = "$(TARGET_NAME)";
				SWIFT_OBJC_BRIDGING_HEADER = "ViewController/qingsongshi-Bridging-Header.h";
				SWIFT_OPTIMIZATION_LEVEL = "-Onone";
				SWIFT_VERSION = 3.0;
				TARGETED_DEVICE_FAMILY = 1;
			};
			name = Debug;
		};
		6AAA61C81E1CBDAF00ADEBFF /* Release */ = {
			isa = XCBuildConfiguration;
			baseConfigurationReference = 31D035B8190E3A25B2957C9F /* Pods-qingsongshi.release.xcconfig */;
			buildSettings = {
				ASSETCATALOG_COMPILER_APPICON_NAME = AppIcon;
				CLANG_ENABLE_MODULES = YES;
				DEFINES_MODULE = YES;
				DEVELOPMENT_TEAM = GVH7JZXR3Q;
				ENABLE_BITCODE = YES;
				GCC_PRECOMPILE_PREFIX_HEADER = YES;
				GCC_PREFIX_HEADER = qingsongshi/Application.pch;
				INFOPLIST_FILE = qingsongshi/Info.plist;
				IPHONEOS_DEPLOYMENT_TARGET = 8.0;
				LD_RUNPATH_SEARCH_PATHS = "$(inherited) @executable_path/Frameworks";
				LIBRARY_SEARCH_PATHS = (
					"$(inherited)",
					"$(PROJECT_DIR)/Lib/Player",
					"$(PROJECT_DIR)/Lib/PLPlayerKit/Library/lib",
				);
				PRODUCT_BUNDLE_IDENTIFIER = com.sh.qingsongshi;
				PRODUCT_NAME = "$(TARGET_NAME)";
				SWIFT_OBJC_BRIDGING_HEADER = "ViewController/qingsongshi-Bridging-Header.h";
				SWIFT_VERSION = 3.0;
				TARGETED_DEVICE_FAMILY = 1;
			};
			name = Release;
		};
/* End XCBuildConfiguration section */

/* Begin XCConfigurationList section */
		6AAA61A71E1CBDAF00ADEBFF /* Build configuration list for PBXProject "qingsongshi" */ = {
			isa = XCConfigurationList;
			buildConfigurations = (
				6AAA61C41E1CBDAF00ADEBFF /* Debug */,
				6AAA61C51E1CBDAF00ADEBFF /* Release */,
			);
			defaultConfigurationIsVisible = 0;
			defaultConfigurationName = Release;
		};
		6AAA61C61E1CBDAF00ADEBFF /* Build configuration list for PBXNativeTarget "qingsongshi" */ = {
			isa = XCConfigurationList;
			buildConfigurations = (
				6AAA61C71E1CBDAF00ADEBFF /* Debug */,
				6AAA61C81E1CBDAF00ADEBFF /* Release */,
			);
			defaultConfigurationIsVisible = 0;
			defaultConfigurationName = Release;
		};
/* End XCConfigurationList section */
	};
	rootObject = 6AAA61A41E1CBDAF00ADEBFF /* Project object */;
}
